// !$*UTF8*$!
{
	archiveVersion = 1;
	classes = {
	};
	objectVersion = 46;
	objects = {

/* Begin PBXBuildFile section */
		0207DA581B56EA530066E2B4 /* Images.xcassets in Resources */ = {isa = PBXBuildFile; fileRef = 0207DA571B56EA530066E2B4 /* Images.xcassets */; };
		0428413670DA40FABF8D797D /* MessageUI.framework in Frameworks */ = {isa = PBXBuildFile; fileRef = E713E8256C87406BB7E09AF3 /* MessageUI.framework */; settings = {ATTRIBUTES = (Weak, ); }; };
		04EBBB5836F246A4B53F4575 /* CDVLocation.m in Sources */ = {isa = PBXBuildFile; fileRef = 069B56DF693E48B0981932A1 /* CDVLocation.m */; };
		061BC9DF5A6246E8B6F25C68 /* MMWormholeTransiting.h in Sources */ = {isa = PBXBuildFile; fileRef = 54BDFB80BC1840AFAD11ECD9 /* MMWormholeTransiting.h */; };
		078D733364F44E0C8D69D3F1 /* SocialSharing.m in Sources */ = {isa = PBXBuildFile; fileRef = 8B410B02D61A483782533785 /* SocialSharing.m */; };
		0809647998764CF8AC2979A2 /* Foundation.framework in Frameworks */ = {isa = PBXBuildFile; fileRef = 0236C2CC196548898F4FF870 /* Foundation.framework */; };
		0B54F290F1214DD3BA735D57 /* scannerOverlay.xib in Resources */ = {isa = PBXBuildFile; fileRef = 25240978DD5B4D20B5EEB967 /* scannerOverlay.xib */; };
		13359496BC2844E8BD059334 /* NSString+URLEncoding.m in Sources */ = {isa = PBXBuildFile; fileRef = 9F663AAF3F1C44BE91F16704 /* NSString+URLEncoding.m */; };
		1D3623260D0F684500981E51 /* AppDelegate.m in Sources */ = {isa = PBXBuildFile; fileRef = 1D3623250D0F684500981E51 /* AppDelegate.m */; };
		1D60589B0D05DD56006BFB54 /* main.m in Sources */ = {isa = PBXBuildFile; fileRef = 29B97316FDCFA39411CA2CEA /* main.m */; };
		1FBC0D59B00942408673E91D /* CDVBarcodeScanner.bundle in Resources */ = {isa = PBXBuildFile; fileRef = D50C1C4C70104AA9A8A5A207 /* CDVBarcodeScanner.bundle */; };
		25BAD2D4D2F24AE78104C875 /* AVFoundation.framework in Frameworks */ = {isa = PBXBuildFile; fileRef = 4DEF354D3BA04C14BF5B47AF /* AVFoundation.framework */; };
		288765FD0DF74451002DB57D /* CoreGraphics.framework in Frameworks */ = {isa = PBXBuildFile; fileRef = 288765FC0DF74451002DB57D /* CoreGraphics.framework */; };
		301BF552109A68D80062928A /* libCordova.a in Frameworks */ = {isa = PBXBuildFile; fileRef = 301BF535109A57CC0062928A /* libCordova.a */; };
		302D95F114D2391D003F00A1 /* MainViewController.m in Sources */ = {isa = PBXBuildFile; fileRef = 302D95EF14D2391D003F00A1 /* MainViewController.m */; };
		302D95F214D2391D003F00A1 /* MainViewController.xib in Resources */ = {isa = PBXBuildFile; fileRef = 302D95F014D2391D003F00A1 /* MainViewController.xib */; };
		3047A5121AB8059700498E2A /* build-debug.xcconfig in Resources */ = {isa = PBXBuildFile; fileRef = 3047A50F1AB8059700498E2A /* build-debug.xcconfig */; };
		3047A5131AB8059700498E2A /* build-release.xcconfig in Resources */ = {isa = PBXBuildFile; fileRef = 3047A5101AB8059700498E2A /* build-release.xcconfig */; };
		3047A5141AB8059700498E2A /* build.xcconfig in Resources */ = {isa = PBXBuildFile; fileRef = 3047A5111AB8059700498E2A /* build.xcconfig */; };
		305D5FD1115AB8F900A74A75 /* MobileCoreServices.framework in Frameworks */ = {isa = PBXBuildFile; fileRef = 305D5FD0115AB8F900A74A75 /* MobileCoreServices.framework */; };
		35825E21BEAA422BBBE0D602 /* CDVViewController+SplashScreen.m in Sources */ = {isa = PBXBuildFile; fileRef = D7DB7A72CEDE4A8C8885DDEA /* CDVViewController+SplashScreen.m */; };
		395425D88DAF471EBBC68456 /* MMWormholeSessionMessageTransiting.h in Sources */ = {isa = PBXBuildFile; fileRef = 053453E26A81436F91D9E04F /* MMWormholeSessionMessageTransiting.h */; };
		3CA8515D87D04667B1839BB8 /* MMWormholeSessionFileTransiting.m in Sources */ = {isa = PBXBuildFile; fileRef = AF97B5CD586B4065A3DA9E56 /* MMWormholeSessionFileTransiting.m */; };
		3CE5103F33EE44DE932D4595 /* AudioToolbox.framework in Frameworks */ = {isa = PBXBuildFile; fileRef = 1F7E239BF8FB4998B6D2CE6C /* AudioToolbox.framework */; };
		4667F15B4456476D8D5C3396 /* WatchConnectivity.framework in Frameworks */ = {isa = PBXBuildFile; fileRef = CD4A8F7D56F240AEA3998A39 /* WatchConnectivity.framework */; };
		46ADE2C3994C4AA1B9C27748 /* Security.framework in Frameworks */ = {isa = PBXBuildFile; fileRef = 7BA381A1817945DB8D26C3D1 /* Security.framework */; };
		513D83DB024C4D4AA4997B60 /* CDVBarcodeScanner.mm in Sources */ = {isa = PBXBuildFile; fileRef = 5F3859282C9E45028AD2792E /* CDVBarcodeScanner.mm */; settings = {COMPILER_FLAGS = "-fno-objc-arc"; }; };
		5B1594DD16A7569C00FEF299 /* AssetsLibrary.framework in Frameworks */ = {isa = PBXBuildFile; fileRef = 5B1594DC16A7569C00FEF299 /* AssetsLibrary.framework */; };
		623FEBCD7851433B8C616680 /* MMWormholeSession.h in Sources */ = {isa = PBXBuildFile; fileRef = 66E691BDD61F48348529EA7C /* MMWormholeSession.h */; };
		629B2713D78249C6AC77DB33 /* MMWormholeSession.m in Sources */ = {isa = PBXBuildFile; fileRef = 68C7B41EADAD433D9A051BDC /* MMWormholeSession.m */; };
		6602F35CC1E040F9B37FB02F /* CoreLocation.framework in Frameworks */ = {isa = PBXBuildFile; fileRef = 59734D393F314941919AF82E /* CoreLocation.framework */; };
		68653D1424C2446AA4594456 /* MMWormholeCoordinatedFileTransiting.m in Sources */ = {isa = PBXBuildFile; fileRef = C8693E64743240CB9FC3106A /* MMWormholeCoordinatedFileTransiting.m */; };
		6DC098B1843541068FA11D35 /* MMWormholeSessionContextTransiting.h in Sources */ = {isa = PBXBuildFile; fileRef = 0F0C17C4C73F42AEB978E5F3 /* MMWormholeSessionContextTransiting.h */; };
		75DF33784C644859BEBE2D9B /* MMWormholeFileTransiting.m in Sources */ = {isa = PBXBuildFile; fileRef = 36CC4057DA71498186160E0D /* MMWormholeFileTransiting.m */; };
		7BAFC5AE77474594A99A0EEC /* CDVInAppBrowser.m in Sources */ = {isa = PBXBuildFile; fileRef = 3A8FAE17293F4B6683D9160E /* CDVInAppBrowser.m */; };
		7FBF8193828348EF9806497C /* CDVStatusBar.m in Sources */ = {isa = PBXBuildFile; fileRef = E07A273CE3834C30B92FD793 /* CDVStatusBar.m */; };
		82A73008AE214FC8BCF162CF /* CDVLogger.m in Sources */ = {isa = PBXBuildFile; fileRef = B6D6918E71074EF396A6C765 /* CDVLogger.m */; };
		8C3F69E73E884208A5367B13 /* Social.framework in Frameworks */ = {isa = PBXBuildFile; fileRef = F5BAB6696F414C04BAC5F8CF /* Social.framework */; settings = {ATTRIBUTES = (Weak, ); }; };
		8F392325AEB0487FA2FFB91D /* LocalAuthentication.framework in Frameworks */ = {isa = PBXBuildFile; fileRef = 7D2D02930BDD4EBF97E3B66B /* LocalAuthentication.framework */; };
		94C798373D3B434DB43CA72B /* CDVNotification.bundle in Resources */ = {isa = PBXBuildFile; fileRef = 2F892750DD89401CB79CF4A8 /* CDVNotification.bundle */; };
		A45785110E9C4008B335E516 /* CoreVideo.framework in Frameworks */ = {isa = PBXBuildFile; fileRef = 028160876B7849B981D9A61A /* CoreVideo.framework */; };
		A4CE56BBC42448DAA1B32673 /* CoreImage.framework in Frameworks */ = {isa = PBXBuildFile; fileRef = CFEBF218D115405BA0B96126 /* CoreImage.framework */; };
		A56813AC6D1241BBB4F56521 /* AppleWatch.m in Sources */ = {isa = PBXBuildFile; fileRef = 68A19DB1F946499EBF2899C3 /* AppleWatch.m */; };
		A796F9B3F1AD4A668CB5DD50 /* CDVNotification.m in Sources */ = {isa = PBXBuildFile; fileRef = 95F14CD337A849F88F17F126 /* CDVNotification.m */; };
		AA575B990A8B4C4CB5BFFAE1 /* QuartzCore.framework in Frameworks */ = {isa = PBXBuildFile; fileRef = DDE5487DB07E481AA9D50670 /* QuartzCore.framework */; };
		AA8620AED6024D6494A4FDB7 /* zxing-all-in-one.cpp in Sources */ = {isa = PBXBuildFile; fileRef = 79496B91D37948A698353A8C /* zxing-all-in-one.cpp */; };
		BA246DE823E64AC1859B854B /* libiconv.dylib in Frameworks */ = {isa = PBXBuildFile; fileRef = 44BA2756173549E48DFBD137 /* libiconv.dylib */; };
		BE0C060F70014C8FA0839C58 /* MMWormhole.m in Sources */ = {isa = PBXBuildFile; fileRef = 1AC2194C82934F1BA20B6BD1 /* MMWormhole.m */; };
		CECB9EF81C5A965500E4460E /* Interface.storyboard in Resources */ = {isa = PBXBuildFile; fileRef = CECB9EF61C5A965500E4460E /* Interface.storyboard */; };
		CECB9EFA1C5A965500E4460E /* Assets.xcassets in Resources */ = {isa = PBXBuildFile; fileRef = CECB9EF91C5A965500E4460E /* Assets.xcassets */; };
		CECB9F011C5A965500E4460E /* CoinSpace WatchApp Extension.appex in Embed App Extensions */ = {isa = PBXBuildFile; fileRef = CECB9F001C5A965500E4460E /* CoinSpace WatchApp Extension.appex */; settings = {ATTRIBUTES = (RemoveHeadersOnCopy, ); }; };
		CECB9F091C5A965500E4460E /* InterfaceController.m in Sources */ = {isa = PBXBuildFile; fileRef = CECB9F081C5A965500E4460E /* InterfaceController.m */; };
		CECB9F0C1C5A965500E4460E /* ExtensionDelegate.m in Sources */ = {isa = PBXBuildFile; fileRef = CECB9F0B1C5A965500E4460E /* ExtensionDelegate.m */; };
		CECB9F0F1C5A965500E4460E /* NotificationController.m in Sources */ = {isa = PBXBuildFile; fileRef = CECB9F0E1C5A965500E4460E /* NotificationController.m */; };
		CECB9F121C5A965500E4460E /* GlanceController.m in Sources */ = {isa = PBXBuildFile; fileRef = CECB9F111C5A965500E4460E /* GlanceController.m */; };
		CECB9F151C5A965500E4460E /* ComplicationController.m in Sources */ = {isa = PBXBuildFile; fileRef = CECB9F141C5A965500E4460E /* ComplicationController.m */; };
		CECB9F171C5A965500E4460E /* Assets.xcassets in Resources */ = {isa = PBXBuildFile; fileRef = CECB9F161C5A965500E4460E /* Assets.xcassets */; };
		CECB9F1B1C5A965500E4460E /* CoinSpace WatchApp.app in Embed Watch Content */ = {isa = PBXBuildFile; fileRef = CECB9EF41C5A965500E4460E /* CoinSpace WatchApp.app */; };
		CECB9F3A1C5A96C200E4460E /* CommandMessage.m in Sources */ = {isa = PBXBuildFile; fileRef = CECB9F251C5A96C200E4460E /* CommandMessage.m */; };
		CECB9F3B1C5A96C200E4460E /* CommonData.m in Sources */ = {isa = PBXBuildFile; fileRef = CECB9F271C5A96C200E4460E /* CommonData.m */; };
		CECB9F3C1C5A96C200E4460E /* InputsRow.m in Sources */ = {isa = PBXBuildFile; fileRef = CECB9F291C5A96C200E4460E /* InputsRow.m */; };
		CECB9F3D1C5A96C200E4460E /* OutputsRow.m in Sources */ = {isa = PBXBuildFile; fileRef = CECB9F2B1C5A96C200E4460E /* OutputsRow.m */; };
		CECB9F3E1C5A96C200E4460E /* PriceSelectionController.m in Sources */ = {isa = PBXBuildFile; fileRef = CECB9F2D1C5A96C200E4460E /* PriceSelectionController.m */; };
		CECB9F3F1C5A96C200E4460E /* ReceiveController.m in Sources */ = {isa = PBXBuildFile; fileRef = CECB9F2F1C5A96C200E4460E /* ReceiveController.m */; };
		CECB9F401C5A96C200E4460E /* SendController.m in Sources */ = {isa = PBXBuildFile; fileRef = CECB9F311C5A96C200E4460E /* SendController.m */; };
		CECB9F411C5A96C200E4460E /* TokensController.m in Sources */ = {isa = PBXBuildFile; fileRef = CECB9F331C5A96C200E4460E /* TokensController.m */; };
		CECB9F421C5A96C200E4460E /* TransactionDetailController.m in Sources */ = {isa = PBXBuildFile; fileRef = CECB9F351C5A96C200E4460E /* TransactionDetailController.m */; };
		CECB9F431C5A96C200E4460E /* TransactionsController.m in Sources */ = {isa = PBXBuildFile; fileRef = CECB9F371C5A96C200E4460E /* TransactionsController.m */; };
		CECB9F441C5A96C200E4460E /* TransactionTableRowController.m in Sources */ = {isa = PBXBuildFile; fileRef = CECB9F391C5A96C200E4460E /* TransactionTableRowController.m */; };
		CECB9F591C5A987700E4460E /* MMWormhole.m in Sources */ = {isa = PBXBuildFile; fileRef = 1AC2194C82934F1BA20B6BD1 /* MMWormhole.m */; };
		CECB9F5A1C5A987700E4460E /* MMWormholeCoordinatedFileTransiting.m in Sources */ = {isa = PBXBuildFile; fileRef = C8693E64743240CB9FC3106A /* MMWormholeCoordinatedFileTransiting.m */; };
		CECB9F5B1C5A987700E4460E /* MMWormholeFileTransiting.m in Sources */ = {isa = PBXBuildFile; fileRef = 36CC4057DA71498186160E0D /* MMWormholeFileTransiting.m */; };
		CECB9F5C1C5A987700E4460E /* MMWormholeSession.m in Sources */ = {isa = PBXBuildFile; fileRef = 68C7B41EADAD433D9A051BDC /* MMWormholeSession.m */; };
		CECB9F5D1C5A987700E4460E /* MMWormholeSessionContextTransiting.m in Sources */ = {isa = PBXBuildFile; fileRef = 8EB13D7EE5084572B1123278 /* MMWormholeSessionContextTransiting.m */; };
		CECB9F5E1C5A987700E4460E /* MMWormholeSessionFileTransiting.m in Sources */ = {isa = PBXBuildFile; fileRef = AF97B5CD586B4065A3DA9E56 /* MMWormholeSessionFileTransiting.m */; };
		CECB9F5F1C5A987700E4460E /* MMWormholeSessionMessageTransiting.m in Sources */ = {isa = PBXBuildFile; fileRef = 9AFF04DB06CA4640A1151344 /* MMWormholeSessionMessageTransiting.m */; };
		D6E5893D3F0E44CA82A45AAC /* CDVSplashScreen.m in Sources */ = {isa = PBXBuildFile; fileRef = 91DE3D63441747C19D52E44A /* CDVSplashScreen.m */; };
		D954EB32474A433FA662BFAF /* MMWormholeSessionContextTransiting.m in Sources */ = {isa = PBXBuildFile; fileRef = 8EB13D7EE5084572B1123278 /* MMWormholeSessionContextTransiting.m */; };
		E703AE4B67CE4AAFB7D59482 /* MMWormholeSessionMessageTransiting.m in Sources */ = {isa = PBXBuildFile; fileRef = 9AFF04DB06CA4640A1151344 /* MMWormholeSessionMessageTransiting.m */; };
		EEC2B324FA0245979B591750 /* MMWormholeSessionFileTransiting.h in Sources */ = {isa = PBXBuildFile; fileRef = DAB0617F4DCE45AE8585192B /* MMWormholeSessionFileTransiting.h */; };
		F569AF46D96A4342B630DB82 /* TouchID.m in Sources */ = {isa = PBXBuildFile; fileRef = 35A80DDB8197402C8B55DB83 /* TouchID.m */; };
		1934AB28C2F4457BB09FFB4A /* CDVPluginExt.m in Sources */ = {isa = PBXBuildFile; fileRef = 73B86768E8C943A98DB2D116 /* CDVPluginExt.m */; };
		1BC28E18FF03464F8D418667 /* libCordovaGenericAd.a in Frameworks */ = {isa = PBXBuildFile; fileRef = BA897E59ECC54EC385C7114A /* libCordovaGenericAd.a */; };
		E87AE07A6C6843ECB3425E80 /* CFNetwork.framework in Frameworks */ = {isa = PBXBuildFile; fileRef = 8DB33087211F4C09A02739D9 /* CFNetwork.framework */; };
		33F0431A647D4A82AA3CD067 /* FBAudienceNetwork.framework in Frameworks */ = {isa = PBXBuildFile; fileRef = 2152AE63570546E1988A324F /* FBAudienceNetwork.framework */; };
		B4BF0048B6C94C38A9B22090 /* FacebookAdPlugin.m in Sources */ = {isa = PBXBuildFile; fileRef = BAC8A6C63ED447CDB145E776 /* FacebookAdPlugin.m */; };
		DC236217233D46B38E318E0C /* UITapGestureRecognizer+Spec.m in Sources */ = {isa = PBXBuildFile; fileRef = 529CC9BA54454D36B02D7772 /* UITapGestureRecognizer+Spec.m */; };
		5A88A92B4EB14736B49B997A /* AdSupport.framework in Frameworks */ = {isa = PBXBuildFile; fileRef = 164DD0A2876D45E59828A316 /* AdSupport.framework */; };
		1E1AE5A25FBC4F42ADAFB0F9 /* StoreKit.framework in Frameworks */ = {isa = PBXBuildFile; fileRef = 4A030DFB06934D2FBB8C9F2C /* StoreKit.framework */; };
		F7D0C04085E64D86B811CA3F /* CoreMotion.framework in Frameworks */ = {isa = PBXBuildFile; fileRef = C981689B2F3C48A48E63FCE2 /* CoreMotion.framework */; };
		98710B22FAFE4AB6BE5C17AB /* OpenGLES.framework in Frameworks */ = {isa = PBXBuildFile; fileRef = 00631CCE74F1467DB141EFAD /* OpenGLES.framework */; };
/* End PBXBuildFile section */

/* Begin PBXContainerItemProxy section */
		301BF534109A57CC0062928A /* PBXContainerItemProxy */ = {
			isa = PBXContainerItemProxy;
			containerPortal = 301BF52D109A57CC0062928A /* CordovaLib.xcodeproj */;
			proxyType = 2;
			remoteGlobalIDString = D2AAC07E0554694100DB518D;
			remoteInfo = CordovaLib;
		};
		301BF550109A68C00062928A /* PBXContainerItemProxy */ = {
			isa = PBXContainerItemProxy;
			containerPortal = 301BF52D109A57CC0062928A /* CordovaLib.xcodeproj */;
			proxyType = 1;
			remoteGlobalIDString = D2AAC07D0554694100DB518D;
			remoteInfo = CordovaLib;
		};
		CECB9F021C5A965500E4460E /* PBXContainerItemProxy */ = {
			isa = PBXContainerItemProxy;
			containerPortal = 29B97313FDCFA39411CA2CEA /* Project object */;
			proxyType = 1;
			remoteGlobalIDString = CECB9EFF1C5A965500E4460E;
			remoteInfo = "CoinSpace WatchApp Extension";
		};
		CECB9F191C5A965500E4460E /* PBXContainerItemProxy */ = {
			isa = PBXContainerItemProxy;
			containerPortal = 29B97313FDCFA39411CA2CEA /* Project object */;
			proxyType = 1;
			remoteGlobalIDString = CECB9EF31C5A965500E4460E;
			remoteInfo = "CoinSpace WatchApp";
		};
/* End PBXContainerItemProxy section */

/* Begin PBXCopyFilesBuildPhase section */
		CECB9F211C5A965500E4460E /* Embed App Extensions */ = {
			isa = PBXCopyFilesBuildPhase;
			buildActionMask = 2147483647;
			dstPath = "";
			dstSubfolderSpec = 13;
			files = (
				CECB9F011C5A965500E4460E /* CoinSpace WatchApp Extension.appex in Embed App Extensions */,
			);
			name = "Embed App Extensions";
			runOnlyForDeploymentPostprocessing = 0;
		};
		CECB9F231C5A965500E4460E /* Embed Watch Content */ = {
			isa = PBXCopyFilesBuildPhase;
			buildActionMask = 2147483647;
			dstPath = "$(CONTENTS_FOLDER_PATH)/Watch";
			dstSubfolderSpec = 16;
			files = (
				CECB9F1B1C5A965500E4460E /* CoinSpace WatchApp.app in Embed Watch Content */,
			);
			name = "Embed Watch Content";
			runOnlyForDeploymentPostprocessing = 0;
		};
/* End PBXCopyFilesBuildPhase section */

/* Begin PBXFileReference section */
		0207DA571B56EA530066E2B4 /* Images.xcassets */ = {isa = PBXFileReference; lastKnownFileType = folder.assetcatalog; name = Images.xcassets; path = CoinSpace/Images.xcassets; sourceTree = SOURCE_ROOT; };
		0236C2CC196548898F4FF870 /* Foundation.framework */ = {isa = PBXFileReference; fileEncoding = 4; lastKnownFileType = wrapper.framework; name = Foundation.framework; path = System/Library/Frameworks/Foundation.framework; sourceTree = SDKROOT; };
		028160876B7849B981D9A61A /* CoreVideo.framework */ = {isa = PBXFileReference; fileEncoding = 4; lastKnownFileType = wrapper.framework; name = CoreVideo.framework; path = System/Library/Frameworks/CoreVideo.framework; sourceTree = SDKROOT; };
		053453E26A81436F91D9E04F /* MMWormholeSessionMessageTransiting.h */ = {isa = PBXFileReference; fileEncoding = 4; lastKnownFileType = sourcecode.c.h; name = MMWormholeSessionMessageTransiting.h; path = "cordova-plugin-apple-watch/MMWormholeSessionMessageTransiting.h"; sourceTree = "<group>"; };
		069B56DF693E48B0981932A1 /* CDVLocation.m */ = {isa = PBXFileReference; fileEncoding = 4; lastKnownFileType = sourcecode.c.objc; name = CDVLocation.m; path = "cordova-plugin-geolocation/CDVLocation.m"; sourceTree = "<group>"; };
		0777DC3D99D54F6B8B3E84F8 /* CDVSplashScreen.h */ = {isa = PBXFileReference; fileEncoding = 4; lastKnownFileType = sourcecode.c.h; name = CDVSplashScreen.h; path = "cordova-plugin-splashscreen/CDVSplashScreen.h"; sourceTree = "<group>"; };
		0F0C17C4C73F42AEB978E5F3 /* MMWormholeSessionContextTransiting.h */ = {isa = PBXFileReference; fileEncoding = 4; lastKnownFileType = sourcecode.c.h; name = MMWormholeSessionContextTransiting.h; path = "cordova-plugin-apple-watch/MMWormholeSessionContextTransiting.h"; sourceTree = "<group>"; };
		0F4961FD34D642558D2AADDC /* NSString+URLEncoding.h */ = {isa = PBXFileReference; explicitFileType = undefined; fileEncoding = 4; includeInIndex = 0; lastKnownFileType = sourcecode.c.h; name = "NSString+URLEncoding.h"; path = "cordova-plugin-x-socialsharing/NSString+URLEncoding.h"; sourceTree = "<group>"; };
		1AC2194C82934F1BA20B6BD1 /* MMWormhole.m */ = {isa = PBXFileReference; fileEncoding = 4; lastKnownFileType = sourcecode.c.objc; name = MMWormhole.m; path = "cordova-plugin-apple-watch/MMWormhole.m"; sourceTree = "<group>"; };
		1D3623240D0F684500981E51 /* AppDelegate.h */ = {isa = PBXFileReference; fileEncoding = 4; lastKnownFileType = sourcecode.c.h; path = AppDelegate.h; sourceTree = "<group>"; };
		1D3623250D0F684500981E51 /* AppDelegate.m */ = {isa = PBXFileReference; fileEncoding = 4; lastKnownFileType = sourcecode.c.objc; path = AppDelegate.m; sourceTree = "<group>"; };
		1D6058910D05DD3D006BFB54 /* CoinSpace.app */ = {isa = PBXFileReference; explicitFileType = wrapper.application; includeInIndex = 0; path = CoinSpace.app; sourceTree = BUILT_PRODUCTS_DIR; };
		1F7E239BF8FB4998B6D2CE6C /* AudioToolbox.framework */ = {isa = PBXFileReference; fileEncoding = 4; lastKnownFileType = wrapper.framework; name = AudioToolbox.framework; path = System/Library/Frameworks/AudioToolbox.framework; sourceTree = SDKROOT; };
		23AC5CA49342495BB2FAEF57 /* CDVViewController+SplashScreen.h */ = {isa = PBXFileReference; fileEncoding = 4; lastKnownFileType = sourcecode.c.h; name = "CDVViewController+SplashScreen.h"; path = "cordova-plugin-splashscreen/CDVViewController+SplashScreen.h"; sourceTree = "<group>"; };
		25240978DD5B4D20B5EEB967 /* scannerOverlay.xib */ = {isa = PBXFileReference; fileEncoding = 4; lastKnownFileType = file.xib; path = scannerOverlay.xib; sourceTree = "<group>"; };
		288765FC0DF74451002DB57D /* CoreGraphics.framework */ = {isa = PBXFileReference; lastKnownFileType = wrapper.framework; name = CoreGraphics.framework; path = System/Library/Frameworks/CoreGraphics.framework; sourceTree = SDKROOT; };
		29B97316FDCFA39411CA2CEA /* main.m */ = {isa = PBXFileReference; fileEncoding = 4; lastKnownFileType = sourcecode.c.objc; path = main.m; sourceTree = "<group>"; };
		2B7F82D3AF744136888DDB76 /* zxing-all-in-one.h */ = {isa = PBXFileReference; fileEncoding = 4; lastKnownFileType = sourcecode.c.h; name = "zxing-all-in-one.h"; path = "com.phonegap.plugins.barcodescanner/zxing-all-in-one.h"; sourceTree = "<group>"; };
		2F892750DD89401CB79CF4A8 /* CDVNotification.bundle */ = {isa = PBXFileReference; lastKnownFileType = "wrapper.plug-in"; path = CDVNotification.bundle; sourceTree = "<group>"; };
		301BF52D109A57CC0062928A /* CordovaLib.xcodeproj */ = {isa = PBXFileReference; lastKnownFileType = "wrapper.pb-project"; name = CordovaLib.xcodeproj; path = CordovaLib/CordovaLib.xcodeproj; sourceTree = "<group>"; };
		301BF56E109A69640062928A /* www */ = {isa = PBXFileReference; lastKnownFileType = folder; path = www; sourceTree = SOURCE_ROOT; };
		302D95EE14D2391D003F00A1 /* MainViewController.h */ = {isa = PBXFileReference; fileEncoding = 4; lastKnownFileType = sourcecode.c.h; path = MainViewController.h; sourceTree = "<group>"; };
		302D95EF14D2391D003F00A1 /* MainViewController.m */ = {isa = PBXFileReference; fileEncoding = 4; lastKnownFileType = sourcecode.c.objc; path = MainViewController.m; sourceTree = "<group>"; };
		302D95F014D2391D003F00A1 /* MainViewController.xib */ = {isa = PBXFileReference; fileEncoding = 4; lastKnownFileType = file.xib; path = MainViewController.xib; sourceTree = "<group>"; };
		3047A50F1AB8059700498E2A /* build-debug.xcconfig */ = {isa = PBXFileReference; fileEncoding = 4; lastKnownFileType = text.xcconfig; name = "build-debug.xcconfig"; path = cordova/build-debug.xcconfig; sourceTree = SOURCE_ROOT; };
    3047A5101AB8059700498E2A /* build-release.xcconfig */ = {isa = PBXFileReference; fileEncoding = 4; lastKnownFileType = text.xcconfig; name = "build-release.xcconfig"; path = cordova/build-release.xcconfig; sourceTree = SOURCE_ROOT; };
    3047A5111AB8059700498E2A /* build.xcconfig */ = {isa = PBXFileReference; fileEncoding = 4; lastKnownFileType = text.xcconfig; name = build.xcconfig; path = cordova/build.xcconfig; sourceTree = SOURCE_ROOT; };
		305D5FD0115AB8F900A74A75 /* MobileCoreServices.framework */ = {isa = PBXFileReference; lastKnownFileType = wrapper.framework; name = MobileCoreServices.framework; path = System/Library/Frameworks/MobileCoreServices.framework; sourceTree = SDKROOT; };
		324BB8050DCD415B848D377E /* TouchID.h */ = {isa = PBXFileReference; fileEncoding = 4; lastKnownFileType = sourcecode.c.h; name = TouchID.h; path = "cordova-plugin-touch-id/TouchID.h"; sourceTree = "<group>"; };
		32CA4F630368D1EE00C91783 /* CoinSpace-Prefix.pch */ = {isa = PBXFileReference; fileEncoding = 4; lastKnownFileType = sourcecode.c.h; path = "CoinSpace-Prefix.pch"; sourceTree = "<group>"; };
		35A80DDB8197402C8B55DB83 /* TouchID.m */ = {isa = PBXFileReference; fileEncoding = 4; lastKnownFileType = sourcecode.c.objc; name = TouchID.m; path = "cordova-plugin-touch-id/TouchID.m"; sourceTree = "<group>"; };
		36CC4057DA71498186160E0D /* MMWormholeFileTransiting.m */ = {isa = PBXFileReference; fileEncoding = 4; lastKnownFileType = sourcecode.c.objc; name = MMWormholeFileTransiting.m; path = "cordova-plugin-apple-watch/MMWormholeFileTransiting.m"; sourceTree = "<group>"; };
		3A8FAE17293F4B6683D9160E /* CDVInAppBrowser.m */ = {isa = PBXFileReference; fileEncoding = 4; lastKnownFileType = sourcecode.c.objc; name = CDVInAppBrowser.m; path = "cordova-plugin-inappbrowser/CDVInAppBrowser.m"; sourceTree = "<group>"; };
		44BA2756173549E48DFBD137 /* libiconv.dylib */ = {isa = PBXFileReference; fileEncoding = 4; lastKnownFileType = "compiled.mach-o.dylib"; name = libiconv.dylib; path = usr/lib/libiconv.dylib; sourceTree = SDKROOT; };
		4DEF354D3BA04C14BF5B47AF /* AVFoundation.framework */ = {isa = PBXFileReference; fileEncoding = 4; lastKnownFileType = wrapper.framework; name = AVFoundation.framework; path = System/Library/Frameworks/AVFoundation.framework; sourceTree = SDKROOT; };
		54BDFB80BC1840AFAD11ECD9 /* MMWormholeTransiting.h */ = {isa = PBXFileReference; fileEncoding = 4; lastKnownFileType = sourcecode.c.h; name = MMWormholeTransiting.h; path = "cordova-plugin-apple-watch/MMWormholeTransiting.h"; sourceTree = "<group>"; };
		55DFA166E0F74A06ACD29FF6 /* SocialSharing.h */ = {isa = PBXFileReference; fileEncoding = 4; lastKnownFileType = sourcecode.c.h; name = SocialSharing.h; path = "cordova-plugin-x-socialsharing/SocialSharing.h"; sourceTree = "<group>"; };
		59734D393F314941919AF82E /* CoreLocation.framework */ = {isa = PBXFileReference; fileEncoding = 4; lastKnownFileType = wrapper.framework; name = CoreLocation.framework; path = System/Library/Frameworks/CoreLocation.framework; sourceTree = SDKROOT; };
		5B1594DC16A7569C00FEF299 /* AssetsLibrary.framework */ = {isa = PBXFileReference; lastKnownFileType = wrapper.framework; name = AssetsLibrary.framework; path = System/Library/Frameworks/AssetsLibrary.framework; sourceTree = SDKROOT; };
		5F3859282C9E45028AD2792E /* CDVBarcodeScanner.mm */ = {isa = PBXFileReference; fileEncoding = 4; lastKnownFileType = unknown; name = CDVBarcodeScanner.mm; path = com.phonegap.plugins.barcodescanner/CDVBarcodeScanner.mm; sourceTree = "<group>"; };
		66E691BDD61F48348529EA7C /* MMWormholeSession.h */ = {isa = PBXFileReference; fileEncoding = 4; lastKnownFileType = sourcecode.c.h; name = MMWormholeSession.h; path = "cordova-plugin-apple-watch/MMWormholeSession.h"; sourceTree = "<group>"; };
		68A19DB1F946499EBF2899C3 /* AppleWatch.m */ = {isa = PBXFileReference; fileEncoding = 4; lastKnownFileType = sourcecode.c.objc; name = AppleWatch.m; path = "cordova-plugin-apple-watch/AppleWatch.m"; sourceTree = "<group>"; };
		68C7B41EADAD433D9A051BDC /* MMWormholeSession.m */ = {isa = PBXFileReference; fileEncoding = 4; lastKnownFileType = sourcecode.c.objc; name = MMWormholeSession.m; path = "cordova-plugin-apple-watch/MMWormholeSession.m"; sourceTree = "<group>"; };
		79496B91D37948A698353A8C /* zxing-all-in-one.cpp */ = {isa = PBXFileReference; fileEncoding = 4; lastKnownFileType = unknown; name = "zxing-all-in-one.cpp"; path = "com.phonegap.plugins.barcodescanner/zxing-all-in-one.cpp"; sourceTree = "<group>"; };
		7A4E543161BA4136B63396D7 /* MMWormholeFileTransiting.h */ = {isa = PBXFileReference; fileEncoding = 4; lastKnownFileType = sourcecode.c.h; name = MMWormholeFileTransiting.h; path = "cordova-plugin-apple-watch/MMWormholeFileTransiting.h"; sourceTree = "<group>"; };
		7BA381A1817945DB8D26C3D1 /* Security.framework */ = {isa = PBXFileReference; fileEncoding = 4; lastKnownFileType = wrapper.framework; name = Security.framework; path = System/Library/Frameworks/Security.framework; sourceTree = SDKROOT; };
		7D2D02930BDD4EBF97E3B66B /* LocalAuthentication.framework */ = {isa = PBXFileReference; fileEncoding = 4; lastKnownFileType = wrapper.framework; name = LocalAuthentication.framework; path = System/Library/Frameworks/LocalAuthentication.framework; sourceTree = SDKROOT; };
		7D9439D0B5BA4901B9CD2335 /* CDVNotification.h */ = {isa = PBXFileReference; fileEncoding = 4; lastKnownFileType = sourcecode.c.h; name = CDVNotification.h; path = "cordova-plugin-dialogs/CDVNotification.h"; sourceTree = "<group>"; };
		8B410B02D61A483782533785 /* SocialSharing.m */ = {isa = PBXFileReference; fileEncoding = 4; lastKnownFileType = sourcecode.c.objc; name = SocialSharing.m; path = "cordova-plugin-x-socialsharing/SocialSharing.m"; sourceTree = "<group>"; };
		8D1107310486CEB800E47090 /* CoinSpace-Info.plist */ = {isa = PBXFileReference; fileEncoding = 4; lastKnownFileType = text.plist.xml; name = "CoinSpace-Info.plist"; path = "../CoinSpace-Info.plist"; plistStructureDefinitionIdentifier = "com.apple.xcode.plist.structure-definition.iphone.info-plist"; sourceTree = "<group>"; };
		8EB13D7EE5084572B1123278 /* MMWormholeSessionContextTransiting.m */ = {isa = PBXFileReference; fileEncoding = 4; lastKnownFileType = sourcecode.c.objc; name = MMWormholeSessionContextTransiting.m; path = "cordova-plugin-apple-watch/MMWormholeSessionContextTransiting.m"; sourceTree = "<group>"; };
		91DE3D63441747C19D52E44A /* CDVSplashScreen.m */ = {isa = PBXFileReference; fileEncoding = 4; lastKnownFileType = sourcecode.c.objc; name = CDVSplashScreen.m; path = "cordova-plugin-splashscreen/CDVSplashScreen.m"; sourceTree = "<group>"; };
		95F14CD337A849F88F17F126 /* CDVNotification.m */ = {isa = PBXFileReference; fileEncoding = 4; lastKnownFileType = sourcecode.c.objc; name = CDVNotification.m; path = "cordova-plugin-dialogs/CDVNotification.m"; sourceTree = "<group>"; };
		9AFF04DB06CA4640A1151344 /* MMWormholeSessionMessageTransiting.m */ = {isa = PBXFileReference; fileEncoding = 4; lastKnownFileType = sourcecode.c.objc; name = MMWormholeSessionMessageTransiting.m; path = "cordova-plugin-apple-watch/MMWormholeSessionMessageTransiting.m"; sourceTree = "<group>"; };
		9CAD34F8DE4541989D480806 /* CDVStatusBar.h */ = {isa = PBXFileReference; fileEncoding = 4; lastKnownFileType = sourcecode.c.h; name = CDVStatusBar.h; path = "cordova-plugin-statusbar/CDVStatusBar.h"; sourceTree = "<group>"; };
		9F663AAF3F1C44BE91F16704 /* NSString+URLEncoding.m */ = {isa = PBXFileReference; explicitFileType = undefined; fileEncoding = 4; includeInIndex = 0; lastKnownFileType = sourcecode.c.objc; name = "NSString+URLEncoding.m"; path = "cordova-plugin-x-socialsharing/NSString+URLEncoding.m"; sourceTree = "<group>"; };
		AA05717B241B4AEDBE9BD7F5 /* CDVLocation.h */ = {isa = PBXFileReference; fileEncoding = 4; lastKnownFileType = sourcecode.c.h; name = CDVLocation.h; path = "cordova-plugin-geolocation/CDVLocation.h"; sourceTree = "<group>"; };
		AF97B5CD586B4065A3DA9E56 /* MMWormholeSessionFileTransiting.m */ = {isa = PBXFileReference; fileEncoding = 4; lastKnownFileType = sourcecode.c.objc; name = MMWormholeSessionFileTransiting.m; path = "cordova-plugin-apple-watch/MMWormholeSessionFileTransiting.m"; sourceTree = "<group>"; };
		B6D6918E71074EF396A6C765 /* CDVLogger.m */ = {isa = PBXFileReference; fileEncoding = 4; lastKnownFileType = sourcecode.c.objc; name = CDVLogger.m; path = "cordova-plugin-console/CDVLogger.m"; sourceTree = "<group>"; };
		BF7E3567FB6F43AE82473505 /* AppleWatch.h */ = {isa = PBXFileReference; fileEncoding = 4; lastKnownFileType = sourcecode.c.h; name = AppleWatch.h; path = "cordova-plugin-apple-watch/AppleWatch.h"; sourceTree = "<group>"; };
		C8693E64743240CB9FC3106A /* MMWormholeCoordinatedFileTransiting.m */ = {isa = PBXFileReference; fileEncoding = 4; lastKnownFileType = sourcecode.c.objc; name = MMWormholeCoordinatedFileTransiting.m; path = "cordova-plugin-apple-watch/MMWormholeCoordinatedFileTransiting.m"; sourceTree = "<group>"; };
		CD4A8F7D56F240AEA3998A39 /* WatchConnectivity.framework */ = {isa = PBXFileReference; fileEncoding = 4; lastKnownFileType = wrapper.framework; name = WatchConnectivity.framework; path = System/Library/Frameworks/WatchConnectivity.framework; sourceTree = SDKROOT; };
		CECB9EF41C5A965500E4460E /* CoinSpace WatchApp.app */ = {isa = PBXFileReference; explicitFileType = wrapper.application; includeInIndex = 0; path = "CoinSpace WatchApp.app"; sourceTree = BUILT_PRODUCTS_DIR; };
		CECB9EF71C5A965500E4460E /* Base */ = {isa = PBXFileReference; lastKnownFileType = file.storyboard; name = Base; path = Base.lproj/Interface.storyboard; sourceTree = "<group>"; };
		CECB9EF91C5A965500E4460E /* Assets.xcassets */ = {isa = PBXFileReference; lastKnownFileType = folder.assetcatalog; path = Assets.xcassets; sourceTree = "<group>"; };
		CECB9EFB1C5A965500E4460E /* Info.plist */ = {isa = PBXFileReference; lastKnownFileType = text.plist.xml; path = Info.plist; sourceTree = "<group>"; };
		CECB9F001C5A965500E4460E /* CoinSpace WatchApp Extension.appex */ = {isa = PBXFileReference; explicitFileType = "wrapper.app-extension"; includeInIndex = 0; path = "CoinSpace WatchApp Extension.appex"; sourceTree = BUILT_PRODUCTS_DIR; };
		CECB9F061C5A965500E4460E /* PushNotificationPayload.apns */ = {isa = PBXFileReference; lastKnownFileType = text; path = PushNotificationPayload.apns; sourceTree = "<group>"; };
		CECB9F071C5A965500E4460E /* InterfaceController.h */ = {isa = PBXFileReference; lastKnownFileType = sourcecode.c.h; path = InterfaceController.h; sourceTree = "<group>"; };
		CECB9F081C5A965500E4460E /* InterfaceController.m */ = {isa = PBXFileReference; lastKnownFileType = sourcecode.c.objc; path = InterfaceController.m; sourceTree = "<group>"; };
		CECB9F0A1C5A965500E4460E /* ExtensionDelegate.h */ = {isa = PBXFileReference; lastKnownFileType = sourcecode.c.h; path = ExtensionDelegate.h; sourceTree = "<group>"; };
		CECB9F0B1C5A965500E4460E /* ExtensionDelegate.m */ = {isa = PBXFileReference; lastKnownFileType = sourcecode.c.objc; path = ExtensionDelegate.m; sourceTree = "<group>"; };
		CECB9F0D1C5A965500E4460E /* NotificationController.h */ = {isa = PBXFileReference; lastKnownFileType = sourcecode.c.h; path = NotificationController.h; sourceTree = "<group>"; };
		CECB9F0E1C5A965500E4460E /* NotificationController.m */ = {isa = PBXFileReference; lastKnownFileType = sourcecode.c.objc; path = NotificationController.m; sourceTree = "<group>"; };
		CECB9F101C5A965500E4460E /* GlanceController.h */ = {isa = PBXFileReference; lastKnownFileType = sourcecode.c.h; path = GlanceController.h; sourceTree = "<group>"; };
		CECB9F111C5A965500E4460E /* GlanceController.m */ = {isa = PBXFileReference; lastKnownFileType = sourcecode.c.objc; path = GlanceController.m; sourceTree = "<group>"; };
		CECB9F131C5A965500E4460E /* ComplicationController.h */ = {isa = PBXFileReference; lastKnownFileType = sourcecode.c.h; path = ComplicationController.h; sourceTree = "<group>"; };
		CECB9F141C5A965500E4460E /* ComplicationController.m */ = {isa = PBXFileReference; lastKnownFileType = sourcecode.c.objc; path = ComplicationController.m; sourceTree = "<group>"; };
		CECB9F161C5A965500E4460E /* Assets.xcassets */ = {isa = PBXFileReference; lastKnownFileType = folder.assetcatalog; path = Assets.xcassets; sourceTree = "<group>"; };
		CECB9F181C5A965500E4460E /* Info.plist */ = {isa = PBXFileReference; lastKnownFileType = text.plist.xml; path = Info.plist; sourceTree = "<group>"; };
		CECB9F241C5A96C200E4460E /* CommandMessage.h */ = {isa = PBXFileReference; fileEncoding = 4; lastKnownFileType = sourcecode.c.h; path = CommandMessage.h; sourceTree = "<group>"; };
		CECB9F251C5A96C200E4460E /* CommandMessage.m */ = {isa = PBXFileReference; fileEncoding = 4; lastKnownFileType = sourcecode.c.objc; path = CommandMessage.m; sourceTree = "<group>"; };
		CECB9F261C5A96C200E4460E /* CommonData.h */ = {isa = PBXFileReference; fileEncoding = 4; lastKnownFileType = sourcecode.c.h; path = CommonData.h; sourceTree = "<group>"; };
		CECB9F271C5A96C200E4460E /* CommonData.m */ = {isa = PBXFileReference; fileEncoding = 4; lastKnownFileType = sourcecode.c.objc; path = CommonData.m; sourceTree = "<group>"; };
		CECB9F281C5A96C200E4460E /* InputsRow.h */ = {isa = PBXFileReference; fileEncoding = 4; lastKnownFileType = sourcecode.c.h; path = InputsRow.h; sourceTree = "<group>"; };
		CECB9F291C5A96C200E4460E /* InputsRow.m */ = {isa = PBXFileReference; fileEncoding = 4; lastKnownFileType = sourcecode.c.objc; path = InputsRow.m; sourceTree = "<group>"; };
		CECB9F2A1C5A96C200E4460E /* OutputsRow.h */ = {isa = PBXFileReference; fileEncoding = 4; lastKnownFileType = sourcecode.c.h; path = OutputsRow.h; sourceTree = "<group>"; };
		CECB9F2B1C5A96C200E4460E /* OutputsRow.m */ = {isa = PBXFileReference; fileEncoding = 4; lastKnownFileType = sourcecode.c.objc; path = OutputsRow.m; sourceTree = "<group>"; };
		CECB9F2C1C5A96C200E4460E /* PriceSelectionController.h */ = {isa = PBXFileReference; fileEncoding = 4; lastKnownFileType = sourcecode.c.h; path = PriceSelectionController.h; sourceTree = "<group>"; };
		CECB9F2D1C5A96C200E4460E /* PriceSelectionController.m */ = {isa = PBXFileReference; fileEncoding = 4; lastKnownFileType = sourcecode.c.objc; path = PriceSelectionController.m; sourceTree = "<group>"; };
		CECB9F2E1C5A96C200E4460E /* ReceiveController.h */ = {isa = PBXFileReference; fileEncoding = 4; lastKnownFileType = sourcecode.c.h; path = ReceiveController.h; sourceTree = "<group>"; };
		CECB9F2F1C5A96C200E4460E /* ReceiveController.m */ = {isa = PBXFileReference; fileEncoding = 4; lastKnownFileType = sourcecode.c.objc; path = ReceiveController.m; sourceTree = "<group>"; };
		CECB9F301C5A96C200E4460E /* SendController.h */ = {isa = PBXFileReference; fileEncoding = 4; lastKnownFileType = sourcecode.c.h; path = SendController.h; sourceTree = "<group>"; };
		CECB9F311C5A96C200E4460E /* SendController.m */ = {isa = PBXFileReference; fileEncoding = 4; lastKnownFileType = sourcecode.c.objc; path = SendController.m; sourceTree = "<group>"; };
		CECB9F321C5A96C200E4460E /* TokensController.h */ = {isa = PBXFileReference; fileEncoding = 4; lastKnownFileType = sourcecode.c.h; path = TokensController.h; sourceTree = "<group>"; };
		CECB9F331C5A96C200E4460E /* TokensController.m */ = {isa = PBXFileReference; fileEncoding = 4; lastKnownFileType = sourcecode.c.objc; path = TokensController.m; sourceTree = "<group>"; };
		CECB9F341C5A96C200E4460E /* TransactionDetailController.h */ = {isa = PBXFileReference; fileEncoding = 4; lastKnownFileType = sourcecode.c.h; path = TransactionDetailController.h; sourceTree = "<group>"; };
		CECB9F351C5A96C200E4460E /* TransactionDetailController.m */ = {isa = PBXFileReference; fileEncoding = 4; lastKnownFileType = sourcecode.c.objc; path = TransactionDetailController.m; sourceTree = "<group>"; };
		CECB9F361C5A96C200E4460E /* TransactionsController.h */ = {isa = PBXFileReference; fileEncoding = 4; lastKnownFileType = sourcecode.c.h; path = TransactionsController.h; sourceTree = "<group>"; };
		CECB9F371C5A96C200E4460E /* TransactionsController.m */ = {isa = PBXFileReference; fileEncoding = 4; lastKnownFileType = sourcecode.c.objc; path = TransactionsController.m; sourceTree = "<group>"; };
		CECB9F381C5A96C200E4460E /* TransactionTableRowController.h */ = {isa = PBXFileReference; fileEncoding = 4; lastKnownFileType = sourcecode.c.h; path = TransactionTableRowController.h; sourceTree = "<group>"; };
		CECB9F391C5A96C200E4460E /* TransactionTableRowController.m */ = {isa = PBXFileReference; fileEncoding = 4; lastKnownFileType = sourcecode.c.objc; path = TransactionTableRowController.m; sourceTree = "<group>"; };
		CECB9F561C5A97BD00E4460E /* CoinSpace.entitlements */ = {isa = PBXFileReference; lastKnownFileType = text.xml; name = CoinSpace.entitlements; path = CoinSpace/CoinSpace.entitlements; sourceTree = "<group>"; };
		CECB9F571C5A97C400E4460E /* CoinSpace WatchApp.entitlements */ = {isa = PBXFileReference; lastKnownFileType = text.xml; path = "CoinSpace WatchApp.entitlements"; sourceTree = "<group>"; };
		CECB9F581C5A97D800E4460E /* CoinSpace WatchApp Extension.entitlements */ = {isa = PBXFileReference; lastKnownFileType = text.xml; path = "CoinSpace WatchApp Extension.entitlements"; sourceTree = "<group>"; };
		CFEBF218D115405BA0B96126 /* CoreImage.framework */ = {isa = PBXFileReference; fileEncoding = 4; lastKnownFileType = wrapper.framework; name = CoreImage.framework; path = System/Library/Frameworks/CoreImage.framework; sourceTree = SDKROOT; };
		D50C1C4C70104AA9A8A5A207 /* CDVBarcodeScanner.bundle */ = {isa = PBXFileReference; lastKnownFileType = "wrapper.plug-in"; path = CDVBarcodeScanner.bundle; sourceTree = "<group>"; };
		D7DB7A72CEDE4A8C8885DDEA /* CDVViewController+SplashScreen.m */ = {isa = PBXFileReference; fileEncoding = 4; lastKnownFileType = sourcecode.c.objc; name = "CDVViewController+SplashScreen.m"; path = "cordova-plugin-splashscreen/CDVViewController+SplashScreen.m"; sourceTree = "<group>"; };
		DAB0617F4DCE45AE8585192B /* MMWormholeSessionFileTransiting.h */ = {isa = PBXFileReference; fileEncoding = 4; lastKnownFileType = sourcecode.c.h; name = MMWormholeSessionFileTransiting.h; path = "cordova-plugin-apple-watch/MMWormholeSessionFileTransiting.h"; sourceTree = "<group>"; };
		DDE5487DB07E481AA9D50670 /* QuartzCore.framework */ = {isa = PBXFileReference; fileEncoding = 4; lastKnownFileType = wrapper.framework; name = QuartzCore.framework; path = System/Library/Frameworks/QuartzCore.framework; sourceTree = SDKROOT; };
		E07A273CE3834C30B92FD793 /* CDVStatusBar.m */ = {isa = PBXFileReference; fileEncoding = 4; lastKnownFileType = sourcecode.c.objc; name = CDVStatusBar.m; path = "cordova-plugin-statusbar/CDVStatusBar.m"; sourceTree = "<group>"; };
		E713E8256C87406BB7E09AF3 /* MessageUI.framework */ = {isa = PBXFileReference; fileEncoding = 4; lastKnownFileType = wrapper.framework; name = MessageUI.framework; path = System/Library/Frameworks/MessageUI.framework; sourceTree = SDKROOT; };
		E8DEFEE6049C43B4B75D3822 /* CDVInAppBrowser.h */ = {isa = PBXFileReference; fileEncoding = 4; lastKnownFileType = sourcecode.c.h; name = CDVInAppBrowser.h; path = "cordova-plugin-inappbrowser/CDVInAppBrowser.h"; sourceTree = "<group>"; };
		EB87FDF21871DA7A0020F90C /* merges */ = {isa = PBXFileReference; lastKnownFileType = folder; name = merges; path = ../../merges; sourceTree = "<group>"; };
		EB87FDF31871DA8E0020F90C /* www */ = {isa = PBXFileReference; lastKnownFileType = folder; name = www; path = ../../www; sourceTree = "<group>"; };
		EB87FDF41871DAF40020F90C /* config.xml */ = {isa = PBXFileReference; lastKnownFileType = text.xml; name = config.xml; path = ../../config.xml; sourceTree = "<group>"; };
		ED33DF2A687741AEAF9F8254 /* Bridging-Header.h */ = {isa = PBXFileReference; fileEncoding = 4; lastKnownFileType = sourcecode.c.h; name = "Bridging-Header.h"; path = "Bridging-Header.h"; sourceTree = "<group>"; };
		ED5435D0F4D04604A3BCF985 /* MMWormhole.h */ = {isa = PBXFileReference; fileEncoding = 4; lastKnownFileType = sourcecode.c.h; name = MMWormhole.h; path = "cordova-plugin-apple-watch/MMWormhole.h"; sourceTree = "<group>"; };
		EE81A5751D8C49649EA89604 /* MMWormholeCoordinatedFileTransiting.h */ = {isa = PBXFileReference; fileEncoding = 4; lastKnownFileType = sourcecode.c.h; name = MMWormholeCoordinatedFileTransiting.h; path = "cordova-plugin-apple-watch/MMWormholeCoordinatedFileTransiting.h"; sourceTree = "<group>"; };
		F4BFC62B9F4B4D27BBBE44B1 /* CDVLogger.h */ = {isa = PBXFileReference; fileEncoding = 4; lastKnownFileType = sourcecode.c.h; name = CDVLogger.h; path = "cordova-plugin-console/CDVLogger.h"; sourceTree = "<group>"; };
		F5BAB6696F414C04BAC5F8CF /* Social.framework */ = {isa = PBXFileReference; fileEncoding = 4; lastKnownFileType = wrapper.framework; name = Social.framework; path = System/Library/Frameworks/Social.framework; sourceTree = SDKROOT; };
		F840E1F0165FE0F500CFE078 /* config.xml */ = {isa = PBXFileReference; lastKnownFileType = text.xml; name = config.xml; path = CoinSpace/config.xml; sourceTree = "<group>"; };
		73B86768E8C943A98DB2D116 /* CDVPluginExt.m */ = {isa = PBXFileReference; name = "CDVPluginExt.m"; path = "cordova-plugin-extension/CDVPluginExt.m"; sourceTree = "<group>"; fileEncoding = 4; lastKnownFileType = sourcecode.c.objc; explicitFileType = undefined; includeInIndex = 0; };
		BA897E59ECC54EC385C7114A /* libCordovaGenericAd.a */ = {isa = PBXFileReference; name = "libCordovaGenericAd.a"; path = "CoinSpace/Plugins/cordova-plugin-extension/libCordovaGenericAd.a"; sourceTree = "<group>"; fileEncoding = undefined; lastKnownFileType = archive.ar; explicitFileType = undefined; includeInIndex = 0; };
		B153D23539CC43D4A8C195FC /* PluginAdapterDelegate.h */ = {isa = PBXFileReference; name = "PluginAdapterDelegate.h"; path = "cordova-plugin-extension/PluginAdapterDelegate.h"; sourceTree = "<group>"; fileEncoding = 4; lastKnownFileType = sourcecode.c.h; explicitFileType = undefined; includeInIndex = 0; };
		A0C0F2A7516F4E5BA8B1B001 /* CDVPluginExt.h */ = {isa = PBXFileReference; name = "CDVPluginExt.h"; path = "cordova-plugin-extension/CDVPluginExt.h"; sourceTree = "<group>"; fileEncoding = 4; lastKnownFileType = sourcecode.c.h; explicitFileType = undefined; includeInIndex = 0; };
		60A9056FB0EC404B97DBC2E0 /* GenericAdPlugin.h */ = {isa = PBXFileReference; name = "GenericAdPlugin.h"; path = "cordova-plugin-extension/GenericAdPlugin.h"; sourceTree = "<group>"; fileEncoding = 4; lastKnownFileType = sourcecode.c.h; explicitFileType = undefined; includeInIndex = 0; };
		8DB33087211F4C09A02739D9 /* CFNetwork.framework */ = {isa = PBXFileReference; name = "CFNetwork.framework"; path = "System/Library/Frameworks/CFNetwork.framework"; sourceTree = SDKROOT; fileEncoding = undefined; lastKnownFileType = wrapper.framework; explicitFileType = undefined; includeInIndex = 0; };
		2152AE63570546E1988A324F /* FBAudienceNetwork.framework */ = {isa = PBXFileReference; name = "FBAudienceNetwork.framework"; path = "CoinSpace/Plugins/cordova-facebook-audnet-sdk/FBAudienceNetwork.framework"; sourceTree = "<group>"; fileEncoding = undefined; lastKnownFileType = wrapper.framework; explicitFileType = undefined; includeInIndex = 0; };
		BAC8A6C63ED447CDB145E776 /* FacebookAdPlugin.m */ = {isa = PBXFileReference; name = "FacebookAdPlugin.m"; path = "cordova-plugin-facebookads/FacebookAdPlugin.m"; sourceTree = "<group>"; fileEncoding = 4; lastKnownFileType = sourcecode.c.objc; explicitFileType = undefined; includeInIndex = 0; };
		529CC9BA54454D36B02D7772 /* UITapGestureRecognizer+Spec.m */ = {isa = PBXFileReference; name = "UITapGestureRecognizer+Spec.m"; path = "cordova-plugin-facebookads/UITapGestureRecognizer+Spec.m"; sourceTree = "<group>"; fileEncoding = 4; lastKnownFileType = sourcecode.c.objc; explicitFileType = undefined; includeInIndex = 0; };
		971FD907DD604B9DAE48135D /* FacebookAdPlugin.h */ = {isa = PBXFileReference; name = "FacebookAdPlugin.h"; path = "cordova-plugin-facebookads/FacebookAdPlugin.h"; sourceTree = "<group>"; fileEncoding = 4; lastKnownFileType = sourcecode.c.h; explicitFileType = undefined; includeInIndex = 0; };
		8760043F09194FC3A912676B /* UITapGestureRecognizer+Spec.h */ = {isa = PBXFileReference; name = "UITapGestureRecognizer+Spec.h"; path = "cordova-plugin-facebookads/UITapGestureRecognizer+Spec.h"; sourceTree = "<group>"; fileEncoding = 4; lastKnownFileType = sourcecode.c.h; explicitFileType = undefined; includeInIndex = 0; };
		164DD0A2876D45E59828A316 /* AdSupport.framework */ = {isa = PBXFileReference; name = "AdSupport.framework"; path = "System/Library/Frameworks/AdSupport.framework"; sourceTree = SDKROOT; fileEncoding = undefined; lastKnownFileType = wrapper.framework; explicitFileType = undefined; includeInIndex = 0; };
		4A030DFB06934D2FBB8C9F2C /* StoreKit.framework */ = {isa = PBXFileReference; name = "StoreKit.framework"; path = "System/Library/Frameworks/StoreKit.framework"; sourceTree = SDKROOT; fileEncoding = undefined; lastKnownFileType = wrapper.framework; explicitFileType = undefined; includeInIndex = 0; };
		C981689B2F3C48A48E63FCE2 /* CoreMotion.framework */ = {isa = PBXFileReference; name = "CoreMotion.framework"; path = "System/Library/Frameworks/CoreMotion.framework"; sourceTree = SDKROOT; fileEncoding = undefined; lastKnownFileType = wrapper.framework; explicitFileType = undefined; includeInIndex = 0; };
		00631CCE74F1467DB141EFAD /* OpenGLES.framework */ = {isa = PBXFileReference; name = "OpenGLES.framework"; path = "System/Library/Frameworks/OpenGLES.framework"; sourceTree = SDKROOT; fileEncoding = undefined; lastKnownFileType = wrapper.framework; explicitFileType = undefined; includeInIndex = 0; };
/* End PBXFileReference section */

/* Begin PBXFrameworksBuildPhase section */
		1D60588F0D05DD3D006BFB54 /* Frameworks */ = {
			isa = PBXFrameworksBuildPhase;
			buildActionMask = 2147483647;
			files = (
				5B1594DD16A7569C00FEF299 /* AssetsLibrary.framework in Frameworks */,
				301BF552109A68D80062928A /* libCordova.a in Frameworks */,
				288765FD0DF74451002DB57D /* CoreGraphics.framework in Frameworks */,
				305D5FD1115AB8F900A74A75 /* MobileCoreServices.framework in Frameworks */,
				6602F35CC1E040F9B37FB02F /* CoreLocation.framework in Frameworks */,
				BA246DE823E64AC1859B854B /* libiconv.dylib in Frameworks */,
				25BAD2D4D2F24AE78104C875 /* AVFoundation.framework in Frameworks */,
				A45785110E9C4008B335E516 /* CoreVideo.framework in Frameworks */,
				AA575B990A8B4C4CB5BFFAE1 /* QuartzCore.framework in Frameworks */,
				A4CE56BBC42448DAA1B32673 /* CoreImage.framework in Frameworks */,
				3CE5103F33EE44DE932D4595 /* AudioToolbox.framework in Frameworks */,
				0809647998764CF8AC2979A2 /* Foundation.framework in Frameworks */,
				4667F15B4456476D8D5C3396 /* WatchConnectivity.framework in Frameworks */,
				8C3F69E73E884208A5367B13 /* Social.framework in Frameworks */,
				0428413670DA40FABF8D797D /* MessageUI.framework in Frameworks */,
				8F392325AEB0487FA2FFB91D /* LocalAuthentication.framework in Frameworks */,
				46ADE2C3994C4AA1B9C27748 /* Security.framework in Frameworks */,
				1BC28E18FF03464F8D418667 /* libCordovaGenericAd.a in Frameworks */,
				E87AE07A6C6843ECB3425E80 /* CFNetwork.framework in Frameworks */,
				33F0431A647D4A82AA3CD067 /* FBAudienceNetwork.framework in Frameworks */,
				5A88A92B4EB14736B49B997A /* AdSupport.framework in Frameworks */,
				1E1AE5A25FBC4F42ADAFB0F9 /* StoreKit.framework in Frameworks */,
				F7D0C04085E64D86B811CA3F /* CoreMotion.framework in Frameworks */,
				98710B22FAFE4AB6BE5C17AB /* OpenGLES.framework in Frameworks */,
			);
			runOnlyForDeploymentPostprocessing = 0;
		};
		CECB9EFD1C5A965500E4460E /* Frameworks */ = {
			isa = PBXFrameworksBuildPhase;
			buildActionMask = 2147483647;
			files = (
			);
			runOnlyForDeploymentPostprocessing = 0;
		};
/* End PBXFrameworksBuildPhase section */

/* Begin PBXGroup section */
		080E96DDFE201D6D7F000001 /* Classes */ = {
			isa = PBXGroup;
			children = (
				302D95EE14D2391D003F00A1 /* MainViewController.h */,
				302D95EF14D2391D003F00A1 /* MainViewController.m */,
				302D95F014D2391D003F00A1 /* MainViewController.xib */,
				1D3623240D0F684500981E51 /* AppDelegate.h */,
				1D3623250D0F684500981E51 /* AppDelegate.m */,
			);
			name = Classes;
			path = CoinSpace/Classes;
			sourceTree = SOURCE_ROOT;
		};
		19C28FACFE9D520D11CA2CBB /* Products */ = {
			isa = PBXGroup;
			children = (
				1D6058910D05DD3D006BFB54 /* CoinSpace.app */,
				CECB9EF41C5A965500E4460E /* CoinSpace WatchApp.app */,
				CECB9F001C5A965500E4460E /* CoinSpace WatchApp Extension.appex */,
			);
			name = Products;
			sourceTree = "<group>";
		};
		29B97314FDCFA39411CA2CEA /* CustomTemplate */ = {
			isa = PBXGroup;
			children = (
				CECB9F561C5A97BD00E4460E /* CoinSpace.entitlements */,
				EB87FDF41871DAF40020F90C /* config.xml */,
				EB87FDF31871DA8E0020F90C /* www */,
				EB87FDF21871DA7A0020F90C /* merges */,
				EB87FDF11871DA420020F90C /* Staging */,
				301BF52D109A57CC0062928A /* CordovaLib.xcodeproj */,
				080E96DDFE201D6D7F000001 /* Classes */,
				307C750510C5A3420062BCA9 /* Plugins */,
				29B97315FDCFA39411CA2CEA /* Other Sources */,
				29B97317FDCFA39411CA2CEA /* Resources */,
				CECB9EF51C5A965500E4460E /* CoinSpace WatchApp */,
				CECB9F041C5A965500E4460E /* CoinSpace WatchApp Extension */,
				29B97323FDCFA39411CA2CEA /* Frameworks */,
				19C28FACFE9D520D11CA2CBB /* Products */,
			);
			name = CustomTemplate;
			sourceTree = "<group>";
		};
		29B97315FDCFA39411CA2CEA /* Other Sources */ = {
			isa = PBXGroup;
			children = (
				32CA4F630368D1EE00C91783 /* CoinSpace-Prefix.pch */,
				29B97316FDCFA39411CA2CEA /* main.m */,
				ED33DF2A687741AEAF9F8254 /* Bridging-Header.h */,
			);
			name = "Other Sources";
			path = CoinSpace;
			sourceTree = "<group>";
		};
		29B97317FDCFA39411CA2CEA /* Resources */ = {
			isa = PBXGroup;
			children = (
				0207DA571B56EA530066E2B4 /* Images.xcassets */,
				3047A50E1AB8057F00498E2A /* config */,
				8D1107310486CEB800E47090 /* CoinSpace-Info.plist */,
				25240978DD5B4D20B5EEB967 /* scannerOverlay.xib */,
				D50C1C4C70104AA9A8A5A207 /* CDVBarcodeScanner.bundle */,
				2F892750DD89401CB79CF4A8 /* CDVNotification.bundle */,
			);
			name = Resources;
			path = CoinSpace/Resources;
			sourceTree = "<group>";
		};
		29B97323FDCFA39411CA2CEA /* Frameworks */ = {
			isa = PBXGroup;
			children = (
				5B1594DC16A7569C00FEF299 /* AssetsLibrary.framework */,
				288765FC0DF74451002DB57D /* CoreGraphics.framework */,
				305D5FD0115AB8F900A74A75 /* MobileCoreServices.framework */,
				59734D393F314941919AF82E /* CoreLocation.framework */,
				44BA2756173549E48DFBD137 /* libiconv.dylib */,
				4DEF354D3BA04C14BF5B47AF /* AVFoundation.framework */,
				028160876B7849B981D9A61A /* CoreVideo.framework */,
				DDE5487DB07E481AA9D50670 /* QuartzCore.framework */,
				CFEBF218D115405BA0B96126 /* CoreImage.framework */,
				1F7E239BF8FB4998B6D2CE6C /* AudioToolbox.framework */,
				0236C2CC196548898F4FF870 /* Foundation.framework */,
				CD4A8F7D56F240AEA3998A39 /* WatchConnectivity.framework */,
				F5BAB6696F414C04BAC5F8CF /* Social.framework */,
				E713E8256C87406BB7E09AF3 /* MessageUI.framework */,
				7D2D02930BDD4EBF97E3B66B /* LocalAuthentication.framework */,
				7BA381A1817945DB8D26C3D1 /* Security.framework */,
				BA897E59ECC54EC385C7114A /* libCordovaGenericAd.a */,
				8DB33087211F4C09A02739D9 /* CFNetwork.framework */,
				2152AE63570546E1988A324F /* FBAudienceNetwork.framework */,
				164DD0A2876D45E59828A316 /* AdSupport.framework */,
				4A030DFB06934D2FBB8C9F2C /* StoreKit.framework */,
				C981689B2F3C48A48E63FCE2 /* CoreMotion.framework */,
				00631CCE74F1467DB141EFAD /* OpenGLES.framework */,
			);
			name = Frameworks;
			sourceTree = "<group>";
		};
		301BF52E109A57CC0062928A /* Products */ = {
			isa = PBXGroup;
			children = (
				301BF535109A57CC0062928A /* libCordova.a */,
			);
			name = Products;
			sourceTree = "<group>";
		};
		3047A50E1AB8057F00498E2A /* config */ = {
			isa = PBXGroup;
			children = (
				3047A50F1AB8059700498E2A /* build-debug.xcconfig */,
				3047A5101AB8059700498E2A /* build-release.xcconfig */,
				3047A5111AB8059700498E2A /* build.xcconfig */,
			);
			name = config;
			sourceTree = "<group>";
		};
		307C750510C5A3420062BCA9 /* Plugins */ = {
			isa = PBXGroup;
			children = (
				069B56DF693E48B0981932A1 /* CDVLocation.m */,
				AA05717B241B4AEDBE9BD7F5 /* CDVLocation.h */,
				91DE3D63441747C19D52E44A /* CDVSplashScreen.m */,
				D7DB7A72CEDE4A8C8885DDEA /* CDVViewController+SplashScreen.m */,
				0777DC3D99D54F6B8B3E84F8 /* CDVSplashScreen.h */,
				23AC5CA49342495BB2FAEF57 /* CDVViewController+SplashScreen.h */,
				5F3859282C9E45028AD2792E /* CDVBarcodeScanner.mm */,
				79496B91D37948A698353A8C /* zxing-all-in-one.cpp */,
				2B7F82D3AF744136888DDB76 /* zxing-all-in-one.h */,
				95F14CD337A849F88F17F126 /* CDVNotification.m */,
				7D9439D0B5BA4901B9CD2335 /* CDVNotification.h */,
				3A8FAE17293F4B6683D9160E /* CDVInAppBrowser.m */,
				E8DEFEE6049C43B4B75D3822 /* CDVInAppBrowser.h */,
				68A19DB1F946499EBF2899C3 /* AppleWatch.m */,
				1AC2194C82934F1BA20B6BD1 /* MMWormhole.m */,
				C8693E64743240CB9FC3106A /* MMWormholeCoordinatedFileTransiting.m */,
				36CC4057DA71498186160E0D /* MMWormholeFileTransiting.m */,
				66E691BDD61F48348529EA7C /* MMWormholeSession.h */,
				68C7B41EADAD433D9A051BDC /* MMWormholeSession.m */,
				0F0C17C4C73F42AEB978E5F3 /* MMWormholeSessionContextTransiting.h */,
				8EB13D7EE5084572B1123278 /* MMWormholeSessionContextTransiting.m */,
				DAB0617F4DCE45AE8585192B /* MMWormholeSessionFileTransiting.h */,
				AF97B5CD586B4065A3DA9E56 /* MMWormholeSessionFileTransiting.m */,
				053453E26A81436F91D9E04F /* MMWormholeSessionMessageTransiting.h */,
				9AFF04DB06CA4640A1151344 /* MMWormholeSessionMessageTransiting.m */,
				54BDFB80BC1840AFAD11ECD9 /* MMWormholeTransiting.h */,
				BF7E3567FB6F43AE82473505 /* AppleWatch.h */,
				ED5435D0F4D04604A3BCF985 /* MMWormhole.h */,
				EE81A5751D8C49649EA89604 /* MMWormholeCoordinatedFileTransiting.h */,
				7A4E543161BA4136B63396D7 /* MMWormholeFileTransiting.h */,
				E07A273CE3834C30B92FD793 /* CDVStatusBar.m */,
				9CAD34F8DE4541989D480806 /* CDVStatusBar.h */,
				9F663AAF3F1C44BE91F16704 /* NSString+URLEncoding.m */,
				8B410B02D61A483782533785 /* SocialSharing.m */,
				0F4961FD34D642558D2AADDC /* NSString+URLEncoding.h */,
				55DFA166E0F74A06ACD29FF6 /* SocialSharing.h */,
				35A80DDB8197402C8B55DB83 /* TouchID.m */,
				324BB8050DCD415B848D377E /* TouchID.h */,
				B6D6918E71074EF396A6C765 /* CDVLogger.m */,
				F4BFC62B9F4B4D27BBBE44B1 /* CDVLogger.h */,
				73B86768E8C943A98DB2D116 /* CDVPluginExt.m */,
				B153D23539CC43D4A8C195FC /* PluginAdapterDelegate.h */,
				A0C0F2A7516F4E5BA8B1B001 /* CDVPluginExt.h */,
				60A9056FB0EC404B97DBC2E0 /* GenericAdPlugin.h */,
				BAC8A6C63ED447CDB145E776 /* FacebookAdPlugin.m */,
				529CC9BA54454D36B02D7772 /* UITapGestureRecognizer+Spec.m */,
				971FD907DD604B9DAE48135D /* FacebookAdPlugin.h */,
				8760043F09194FC3A912676B /* UITapGestureRecognizer+Spec.h */,
			);
			name = Plugins;
			path = CoinSpace/Plugins;
			sourceTree = SOURCE_ROOT;
		};
		CECB9EF51C5A965500E4460E /* CoinSpace WatchApp */ = {
			isa = PBXGroup;
			children = (
				CECB9F571C5A97C400E4460E /* CoinSpace WatchApp.entitlements */,
				CECB9EF61C5A965500E4460E /* Interface.storyboard */,
				CECB9EF91C5A965500E4460E /* Assets.xcassets */,
				CECB9EFB1C5A965500E4460E /* Info.plist */,
			);
			path = "CoinSpace WatchApp";
			sourceTree = "<group>";
		};
		CECB9F041C5A965500E4460E /* CoinSpace WatchApp Extension */ = {
			isa = PBXGroup;
			children = (
				CECB9F581C5A97D800E4460E /* CoinSpace WatchApp Extension.entitlements */,
				CECB9F451C5A96CC00E4460E /* Helpers */,
				CECB9F471C5A96E300E4460E /* PriceSelection */,
				CECB9F481C5A96FA00E4460E /* ReceiveController */,
				CECB9F491C5A970700E4460E /* SendControllers */,
				CECB9F4A1C5A971000E4460E /* TokensController */,
				CECB9F4B1C5A972000E4460E /* TransactionController */,
				CECB9F4C1C5A972900E4460E /* InterfaceController */,
				CECB9F4D1C5A973600E4460E /* ExtensionDelegate */,
				CECB9F4E1C5A973D00E4460E /* NotificationController */,
				CECB9F4F1C5A974500E4460E /* GlanceController */,
				CECB9F501C5A974B00E4460E /* ComplicationController */,
				CECB9F161C5A965500E4460E /* Assets.xcassets */,
				CECB9F181C5A965500E4460E /* Info.plist */,
				CECB9F051C5A965500E4460E /* Supporting Files */,
			);
			path = "CoinSpace WatchApp Extension";
			sourceTree = "<group>";
		};
		CECB9F051C5A965500E4460E /* Supporting Files */ = {
			isa = PBXGroup;
			children = (
				CECB9F061C5A965500E4460E /* PushNotificationPayload.apns */,
			);
			name = "Supporting Files";
			sourceTree = "<group>";
		};
		CECB9F451C5A96CC00E4460E /* Helpers */ = {
			isa = PBXGroup;
			children = (
				CECB9F241C5A96C200E4460E /* CommandMessage.h */,
				CECB9F251C5A96C200E4460E /* CommandMessage.m */,
				CECB9F261C5A96C200E4460E /* CommonData.h */,
				CECB9F271C5A96C200E4460E /* CommonData.m */,
			);
			name = Helpers;
			sourceTree = "<group>";
		};
		CECB9F471C5A96E300E4460E /* PriceSelection */ = {
			isa = PBXGroup;
			children = (
				CECB9F2C1C5A96C200E4460E /* PriceSelectionController.h */,
				CECB9F2D1C5A96C200E4460E /* PriceSelectionController.m */,
			);
			name = PriceSelection;
			sourceTree = "<group>";
		};
		CECB9F481C5A96FA00E4460E /* ReceiveController */ = {
			isa = PBXGroup;
			children = (
				CECB9F2E1C5A96C200E4460E /* ReceiveController.h */,
				CECB9F2F1C5A96C200E4460E /* ReceiveController.m */,
			);
			name = ReceiveController;
			sourceTree = "<group>";
		};
		CECB9F491C5A970700E4460E /* SendControllers */ = {
			isa = PBXGroup;
			children = (
				CECB9F301C5A96C200E4460E /* SendController.h */,
				CECB9F311C5A96C200E4460E /* SendController.m */,
			);
			name = SendControllers;
			sourceTree = "<group>";
		};
		CECB9F4A1C5A971000E4460E /* TokensController */ = {
			isa = PBXGroup;
			children = (
				CECB9F321C5A96C200E4460E /* TokensController.h */,
				CECB9F331C5A96C200E4460E /* TokensController.m */,
			);
			name = TokensController;
			sourceTree = "<group>";
		};
		CECB9F4B1C5A972000E4460E /* TransactionController */ = {
			isa = PBXGroup;
			children = (
				CECB9F551C5A978D00E4460E /* TransactionDetailController */,
				CECB9F511C5A976200E4460E /* Rows */,
				CECB9F361C5A96C200E4460E /* TransactionsController.h */,
				CECB9F371C5A96C200E4460E /* TransactionsController.m */,
			);
			name = TransactionController;
			sourceTree = "<group>";
		};
		CECB9F4C1C5A972900E4460E /* InterfaceController */ = {
			isa = PBXGroup;
			children = (
				CECB9F071C5A965500E4460E /* InterfaceController.h */,
				CECB9F081C5A965500E4460E /* InterfaceController.m */,
			);
			name = InterfaceController;
			sourceTree = "<group>";
		};
		CECB9F4D1C5A973600E4460E /* ExtensionDelegate */ = {
			isa = PBXGroup;
			children = (
				CECB9F0A1C5A965500E4460E /* ExtensionDelegate.h */,
				CECB9F0B1C5A965500E4460E /* ExtensionDelegate.m */,
			);
			name = ExtensionDelegate;
			sourceTree = "<group>";
		};
		CECB9F4E1C5A973D00E4460E /* NotificationController */ = {
			isa = PBXGroup;
			children = (
				CECB9F0D1C5A965500E4460E /* NotificationController.h */,
				CECB9F0E1C5A965500E4460E /* NotificationController.m */,
			);
			name = NotificationController;
			sourceTree = "<group>";
		};
		CECB9F4F1C5A974500E4460E /* GlanceController */ = {
			isa = PBXGroup;
			children = (
				CECB9F101C5A965500E4460E /* GlanceController.h */,
				CECB9F111C5A965500E4460E /* GlanceController.m */,
			);
			name = GlanceController;
			sourceTree = "<group>";
		};
		CECB9F501C5A974B00E4460E /* ComplicationController */ = {
			isa = PBXGroup;
			children = (
				CECB9F131C5A965500E4460E /* ComplicationController.h */,
				CECB9F141C5A965500E4460E /* ComplicationController.m */,
			);
			name = ComplicationController;
			sourceTree = "<group>";
		};
		CECB9F511C5A976200E4460E /* Rows */ = {
			isa = PBXGroup;
			children = (
				CECB9F381C5A96C200E4460E /* TransactionTableRowController.h */,
				CECB9F391C5A96C200E4460E /* TransactionTableRowController.m */,
			);
			name = Rows;
			sourceTree = "<group>";
		};
		CECB9F521C5A977700E4460E /* InputsRow */ = {
			isa = PBXGroup;
			children = (
				CECB9F281C5A96C200E4460E /* InputsRow.h */,
				CECB9F291C5A96C200E4460E /* InputsRow.m */,
			);
			name = InputsRow;
			sourceTree = "<group>";
		};
		CECB9F531C5A977F00E4460E /* OutputsRow */ = {
			isa = PBXGroup;
			children = (
				CECB9F2A1C5A96C200E4460E /* OutputsRow.h */,
				CECB9F2B1C5A96C200E4460E /* OutputsRow.m */,
			);
			name = OutputsRow;
			sourceTree = "<group>";
		};
		CECB9F541C5A978500E4460E /* Rows */ = {
			isa = PBXGroup;
			children = (
				CECB9F521C5A977700E4460E /* InputsRow */,
				CECB9F531C5A977F00E4460E /* OutputsRow */,
			);
			name = Rows;
			sourceTree = "<group>";
		};
		CECB9F551C5A978D00E4460E /* TransactionDetailController */ = {
			isa = PBXGroup;
			children = (
				CECB9F541C5A978500E4460E /* Rows */,
				CECB9F341C5A96C200E4460E /* TransactionDetailController.h */,
				CECB9F351C5A96C200E4460E /* TransactionDetailController.m */,
			);
			name = TransactionDetailController;
			sourceTree = "<group>";
		};
		EB87FDF11871DA420020F90C /* Staging */ = {
			isa = PBXGroup;
			children = (
				F840E1F0165FE0F500CFE078 /* config.xml */,
				301BF56E109A69640062928A /* www */,
			);
			name = Staging;
			sourceTree = "<group>";
		};
/* End PBXGroup section */

/* Begin PBXNativeTarget section */
		1D6058900D05DD3D006BFB54 /* CoinSpace */ = {
			isa = PBXNativeTarget;
			buildConfigurationList = 1D6058960D05DD3E006BFB54 /* Build configuration list for PBXNativeTarget "CoinSpace" */;
			buildPhases = (
				304B58A110DAC018002A0835 /* Copy www directory */,
				1D60588D0D05DD3D006BFB54 /* Resources */,
				1D60588E0D05DD3D006BFB54 /* Sources */,
				1D60588F0D05DD3D006BFB54 /* Frameworks */,
				CECB9F231C5A965500E4460E /* Embed Watch Content */,
			);
			buildRules = (
			);
			dependencies = (
				301BF551109A68C00062928A /* PBXTargetDependency */,
				CECB9F1A1C5A965500E4460E /* PBXTargetDependency */,
			);
			name = CoinSpace;
			productName = CoinSpace;
			productReference = 1D6058910D05DD3D006BFB54 /* CoinSpace.app */;
			productType = "com.apple.product-type.application";
		};
		CECB9EF31C5A965500E4460E /* CoinSpace WatchApp */ = {
			isa = PBXNativeTarget;
			buildConfigurationList = CECB9F221C5A965500E4460E /* Build configuration list for PBXNativeTarget "CoinSpace WatchApp" */;
			buildPhases = (
				CECB9EF21C5A965500E4460E /* Resources */,
				CECB9F211C5A965500E4460E /* Embed App Extensions */,
			);
			buildRules = (
			);
			dependencies = (
				CECB9F031C5A965500E4460E /* PBXTargetDependency */,
			);
			name = "CoinSpace WatchApp";
			productName = "CoinSpace WatchApp";
			productReference = CECB9EF41C5A965500E4460E /* CoinSpace WatchApp.app */;
			productType = "com.apple.product-type.application.watchapp2";
		};
		CECB9EFF1C5A965500E4460E /* CoinSpace WatchApp Extension */ = {
			isa = PBXNativeTarget;
			buildConfigurationList = CECB9F201C5A965500E4460E /* Build configuration list for PBXNativeTarget "CoinSpace WatchApp Extension" */;
			buildPhases = (
				CECB9EFC1C5A965500E4460E /* Sources */,
				CECB9EFD1C5A965500E4460E /* Frameworks */,
				CECB9EFE1C5A965500E4460E /* Resources */,
			);
			buildRules = (
			);
			dependencies = (
			);
			name = "CoinSpace WatchApp Extension";
			productName = "CoinSpace WatchApp Extension";
			productReference = CECB9F001C5A965500E4460E /* CoinSpace WatchApp Extension.appex */;
			productType = "com.apple.product-type.watchkit2-extension";
		};
/* End PBXNativeTarget section */

/* Begin PBXProject section */
		29B97313FDCFA39411CA2CEA /* Project object */ = {
			isa = PBXProject;
			attributes = {
				LastUpgradeCheck = 510;
				TargetAttributes = {
					1D6058900D05DD3D006BFB54 = {
						DevelopmentTeam = 8NAF9VEE52;
						SystemCapabilities = {
							com.apple.ApplicationGroups.iOS = {
								enabled = 1;
							};
							com.apple.SafariKeychain = {
								enabled = 1;
							};
						};
					};
					CECB9EF31C5A965500E4460E = {
						CreatedOnToolsVersion = 7.2;
						DevelopmentTeam = 8NAF9VEE52;
						SystemCapabilities = {
							com.apple.ApplicationGroups.iOS = {
								enabled = 1;
							};
						};
					};
					CECB9EFF1C5A965500E4460E = {
						CreatedOnToolsVersion = 7.2;
						DevelopmentTeam = 8NAF9VEE52;
						SystemCapabilities = {
							com.apple.ApplicationGroups.iOS = {
								enabled = 1;
							};
							com.apple.SafariKeychain = {
								enabled = 1;
							};
						};
					};
				};
			};
			buildConfigurationList = C01FCF4E08A954540054247B /* Build configuration list for PBXProject "CoinSpace" */;
			compatibilityVersion = "Xcode 3.2";
			developmentRegion = English;
			hasScannedForEncodings = 1;
			knownRegions = (
				English,
				Japanese,
				French,
				German,
				en,
				es,
				de,
				se,
				Base,
			);
			mainGroup = 29B97314FDCFA39411CA2CEA /* CustomTemplate */;
			projectDirPath = "";
			projectReferences = (
				{
					ProductGroup = 301BF52E109A57CC0062928A /* Products */;
					ProjectRef = 301BF52D109A57CC0062928A /* CordovaLib.xcodeproj */;
				},
			);
			projectRoot = "";
			targets = (
				1D6058900D05DD3D006BFB54 /* CoinSpace */,
				CECB9EF31C5A965500E4460E /* CoinSpace WatchApp */,
				CECB9EFF1C5A965500E4460E /* CoinSpace WatchApp Extension */,
			);
		};
/* End PBXProject section */

/* Begin PBXReferenceProxy section */
		301BF535109A57CC0062928A /* libCordova.a */ = {
			isa = PBXReferenceProxy;
			fileType = archive.ar;
			path = libCordova.a;
			remoteRef = 301BF534109A57CC0062928A /* PBXContainerItemProxy */;
			sourceTree = BUILT_PRODUCTS_DIR;
		};
/* End PBXReferenceProxy section */

/* Begin PBXResourcesBuildPhase section */
		1D60588D0D05DD3D006BFB54 /* Resources */ = {
			isa = PBXResourcesBuildPhase;
			buildActionMask = 2147483647;
			files = (
				302D95F214D2391D003F00A1 /* MainViewController.xib in Resources */,
				3047A5131AB8059700498E2A /* build-release.xcconfig in Resources */,
				3047A5141AB8059700498E2A /* build.xcconfig in Resources */,
				0207DA581B56EA530066E2B4 /* Images.xcassets in Resources */,
				3047A5121AB8059700498E2A /* build-debug.xcconfig in Resources */,
				0B54F290F1214DD3BA735D57 /* scannerOverlay.xib in Resources */,
				1FBC0D59B00942408673E91D /* CDVBarcodeScanner.bundle in Resources */,
				94C798373D3B434DB43CA72B /* CDVNotification.bundle in Resources */,
			);
			runOnlyForDeploymentPostprocessing = 0;
		};
		CECB9EF21C5A965500E4460E /* Resources */ = {
			isa = PBXResourcesBuildPhase;
			buildActionMask = 2147483647;
			files = (
				CECB9EFA1C5A965500E4460E /* Assets.xcassets in Resources */,
				CECB9EF81C5A965500E4460E /* Interface.storyboard in Resources */,
			);
			runOnlyForDeploymentPostprocessing = 0;
		};
		CECB9EFE1C5A965500E4460E /* Resources */ = {
			isa = PBXResourcesBuildPhase;
			buildActionMask = 2147483647;
			files = (
				CECB9F171C5A965500E4460E /* Assets.xcassets in Resources */,
			);
			runOnlyForDeploymentPostprocessing = 0;
		};
/* End PBXResourcesBuildPhase section */

/* Begin PBXShellScriptBuildPhase section */
		304B58A110DAC018002A0835 /* Copy www directory */ = {
			isa = PBXShellScriptBuildPhase;
			buildActionMask = 2147483647;
			files = (
			);
			inputPaths = (
			);
			name = "Copy www directory";
			outputPaths = (
			);
			runOnlyForDeploymentPostprocessing = 0;
			shellPath = /bin/sh;
			shellScript = "NODEJS_PATH=/usr/local/bin; NVM_NODE_PATH=~/.nvm/versions/node/`nvm version 2>/dev/null`/bin; N_NODE_PATH=`find /usr/local/n/versions/node/* -maxdepth 0 -type d 2>/dev/null | tail -1`/bin; XCODE_NODE_PATH=`xcode-select --print-path`/usr/share/xcs/Node/bin; PATH=$NODEJS_PATH:$NVM_NODE_PATH:$N_NODE_PATH:$XCODE_NODE_PATH:$PATH && node cordova/lib/copy-www-build-step.js";
			showEnvVarsInLog = 0;
		};
/* End PBXShellScriptBuildPhase section */

/* Begin PBXSourcesBuildPhase section */
		1D60588E0D05DD3D006BFB54 /* Sources */ = {
			isa = PBXSourcesBuildPhase;
			buildActionMask = 2147483647;
			files = (
				1D60589B0D05DD56006BFB54 /* main.m in Sources */,
				1D3623260D0F684500981E51 /* AppDelegate.m in Sources */,
				302D95F114D2391D003F00A1 /* MainViewController.m in Sources */,
				04EBBB5836F246A4B53F4575 /* CDVLocation.m in Sources */,
				D6E5893D3F0E44CA82A45AAC /* CDVSplashScreen.m in Sources */,
				35825E21BEAA422BBBE0D602 /* CDVViewController+SplashScreen.m in Sources */,
				513D83DB024C4D4AA4997B60 /* CDVBarcodeScanner.mm in Sources */,
				AA8620AED6024D6494A4FDB7 /* zxing-all-in-one.cpp in Sources */,
				A796F9B3F1AD4A668CB5DD50 /* CDVNotification.m in Sources */,
				7BAFC5AE77474594A99A0EEC /* CDVInAppBrowser.m in Sources */,
				A56813AC6D1241BBB4F56521 /* AppleWatch.m in Sources */,
				BE0C060F70014C8FA0839C58 /* MMWormhole.m in Sources */,
				68653D1424C2446AA4594456 /* MMWormholeCoordinatedFileTransiting.m in Sources */,
				75DF33784C644859BEBE2D9B /* MMWormholeFileTransiting.m in Sources */,
				623FEBCD7851433B8C616680 /* MMWormholeSession.h in Sources */,
				629B2713D78249C6AC77DB33 /* MMWormholeSession.m in Sources */,
				6DC098B1843541068FA11D35 /* MMWormholeSessionContextTransiting.h in Sources */,
				D954EB32474A433FA662BFAF /* MMWormholeSessionContextTransiting.m in Sources */,
				EEC2B324FA0245979B591750 /* MMWormholeSessionFileTransiting.h in Sources */,
				3CA8515D87D04667B1839BB8 /* MMWormholeSessionFileTransiting.m in Sources */,
				395425D88DAF471EBBC68456 /* MMWormholeSessionMessageTransiting.h in Sources */,
				E703AE4B67CE4AAFB7D59482 /* MMWormholeSessionMessageTransiting.m in Sources */,
				061BC9DF5A6246E8B6F25C68 /* MMWormholeTransiting.h in Sources */,
				7FBF8193828348EF9806497C /* CDVStatusBar.m in Sources */,
				13359496BC2844E8BD059334 /* NSString+URLEncoding.m in Sources */,
				078D733364F44E0C8D69D3F1 /* SocialSharing.m in Sources */,
				F569AF46D96A4342B630DB82 /* TouchID.m in Sources */,
				82A73008AE214FC8BCF162CF /* CDVLogger.m in Sources */,
				1934AB28C2F4457BB09FFB4A /* CDVPluginExt.m in Sources */,
				B4BF0048B6C94C38A9B22090 /* FacebookAdPlugin.m in Sources */,
				DC236217233D46B38E318E0C /* UITapGestureRecognizer+Spec.m in Sources */,
			);
			runOnlyForDeploymentPostprocessing = 0;
		};
		CECB9EFC1C5A965500E4460E /* Sources */ = {
			isa = PBXSourcesBuildPhase;
			buildActionMask = 2147483647;
			files = (
				CECB9F591C5A987700E4460E /* MMWormhole.m in Sources */,
				CECB9F5A1C5A987700E4460E /* MMWormholeCoordinatedFileTransiting.m in Sources */,
				CECB9F5B1C5A987700E4460E /* MMWormholeFileTransiting.m in Sources */,
				CECB9F5C1C5A987700E4460E /* MMWormholeSession.m in Sources */,
				CECB9F5D1C5A987700E4460E /* MMWormholeSessionContextTransiting.m in Sources */,
				CECB9F5E1C5A987700E4460E /* MMWormholeSessionFileTransiting.m in Sources */,
				CECB9F5F1C5A987700E4460E /* MMWormholeSessionMessageTransiting.m in Sources */,
				CECB9F3B1C5A96C200E4460E /* CommonData.m in Sources */,
				CECB9F421C5A96C200E4460E /* TransactionDetailController.m in Sources */,
				CECB9F3C1C5A96C200E4460E /* InputsRow.m in Sources */,
				CECB9F411C5A96C200E4460E /* TokensController.m in Sources */,
				CECB9F441C5A96C200E4460E /* TransactionTableRowController.m in Sources */,
				CECB9F3D1C5A96C200E4460E /* OutputsRow.m in Sources */,
				CECB9F431C5A96C200E4460E /* TransactionsController.m in Sources */,
				CECB9F0C1C5A965500E4460E /* ExtensionDelegate.m in Sources */,
				CECB9F3A1C5A96C200E4460E /* CommandMessage.m in Sources */,
				CECB9F091C5A965500E4460E /* InterfaceController.m in Sources */,
				CECB9F3F1C5A96C200E4460E /* ReceiveController.m in Sources */,
				CECB9F3E1C5A96C200E4460E /* PriceSelectionController.m in Sources */,
				CECB9F0F1C5A965500E4460E /* NotificationController.m in Sources */,
				CECB9F401C5A96C200E4460E /* SendController.m in Sources */,
				CECB9F121C5A965500E4460E /* GlanceController.m in Sources */,
				CECB9F151C5A965500E4460E /* ComplicationController.m in Sources */,
			);
			runOnlyForDeploymentPostprocessing = 0;
		};
/* End PBXSourcesBuildPhase section */

/* Begin PBXTargetDependency section */
		301BF551109A68C00062928A /* PBXTargetDependency */ = {
			isa = PBXTargetDependency;
			name = CordovaLib;
			targetProxy = 301BF550109A68C00062928A /* PBXContainerItemProxy */;
		};
		CECB9F031C5A965500E4460E /* PBXTargetDependency */ = {
			isa = PBXTargetDependency;
			target = CECB9EFF1C5A965500E4460E /* CoinSpace WatchApp Extension */;
			targetProxy = CECB9F021C5A965500E4460E /* PBXContainerItemProxy */;
		};
		CECB9F1A1C5A965500E4460E /* PBXTargetDependency */ = {
			isa = PBXTargetDependency;
			target = CECB9EF31C5A965500E4460E /* CoinSpace WatchApp */;
			targetProxy = CECB9F191C5A965500E4460E /* PBXContainerItemProxy */;
		};
/* End PBXTargetDependency section */

/* Begin PBXVariantGroup section */
		CECB9EF61C5A965500E4460E /* Interface.storyboard */ = {
			isa = PBXVariantGroup;
			children = (
				CECB9EF71C5A965500E4460E /* Base */,
			);
			name = Interface.storyboard;
			sourceTree = "<group>";
		};
/* End PBXVariantGroup section */

/* Begin XCBuildConfiguration section */
		1D6058940D05DD3E006BFB54 /* Debug */ = {
			isa = XCBuildConfiguration;
			baseConfigurationReference = 3047A50F1AB8059700498E2A /* build-debug.xcconfig */;
			buildSettings = {
				ALWAYS_SEARCH_USER_PATHS = NO;
				ASSETCATALOG_COMPILER_APPICON_NAME = AppIcon;
				ASSETCATALOG_COMPILER_LAUNCHIMAGE_NAME = LaunchImage;
				CLANG_ENABLE_OBJC_ARC = YES;
				CODE_SIGN_ENTITLEMENTS = CoinSpace/CoinSpace.entitlements;
				CODE_SIGN_IDENTITY = "iPhone Developer";
				COPY_PHASE_STRIP = NO;
				DEVELOPMENT_TEAM = 8NAF9VEE52;
				GCC_DYNAMIC_NO_PIC = NO;
				GCC_OPTIMIZATION_LEVEL = 0;
				GCC_PRECOMPILE_PREFIX_HEADER = YES;
				GCC_PREFIX_HEADER = "CoinSpace/CoinSpace-Prefix.pch";
				GCC_THUMB_SUPPORT = NO;
				GCC_VERSION = "";
				INFOPLIST_FILE = "CoinSpace/CoinSpace-Info.plist";
				IPHONEOS_DEPLOYMENT_TARGET = 6.0;
				OTHER_LDFLAGS = (
					"-weak_framework",
					CoreFoundation,
					"-weak_framework",
					UIKit,
					"-weak_framework",
					AVFoundation,
					"-weak_framework",
					CoreMedia,
					"-weak-lSystem",
					"-ObjC",
				);
				PRODUCT_NAME = CoinSpace;
				LIBRARY_SEARCH_PATHS = (
					"$(inherited)",
					"\"$(SRCROOT)/CoinSpace/Plugins/cordova-plugin-extension\"",
				);
				FRAMEWORK_SEARCH_PATHS = (
					"$(inherited)",
					"\"CoinSpace/Plugins/cordova-facebook-audnet-sdk\"",
				);
				TARGETED_DEVICE_FAMILY = "1,2";
			};
			name = Debug;
		};
		1D6058950D05DD3E006BFB54 /* Release */ = {
			isa = XCBuildConfiguration;
			baseConfigurationReference = 3047A5101AB8059700498E2A /* build-release.xcconfig */;
			buildSettings = {
				ALWAYS_SEARCH_USER_PATHS = NO;
				ASSETCATALOG_COMPILER_APPICON_NAME = AppIcon;
				ASSETCATALOG_COMPILER_LAUNCHIMAGE_NAME = LaunchImage;
				CLANG_ENABLE_OBJC_ARC = YES;
				CODE_SIGN_ENTITLEMENTS = CoinSpace/CoinSpace.entitlements;
				CODE_SIGN_IDENTITY = "iPhone Distribution";
				COPY_PHASE_STRIP = YES;
				DEVELOPMENT_TEAM = 8NAF9VEE52;
				GCC_PRECOMPILE_PREFIX_HEADER = YES;
				GCC_PREFIX_HEADER = "CoinSpace/CoinSpace-Prefix.pch";
				GCC_THUMB_SUPPORT = NO;
				GCC_VERSION = "";
				INFOPLIST_FILE = "CoinSpace/CoinSpace-Info.plist";
				IPHONEOS_DEPLOYMENT_TARGET = 6.0;
				OTHER_LDFLAGS = (
					"-weak_framework",
					CoreFoundation,
					"-weak_framework",
					UIKit,
					"-weak_framework",
					AVFoundation,
					"-weak_framework",
					CoreMedia,
					"-weak-lSystem",
					"-ObjC",
				);
				PRODUCT_NAME = CoinSpace;
				LIBRARY_SEARCH_PATHS = (
					"$(inherited)",
					"\"$(SRCROOT)/CoinSpace/Plugins/cordova-plugin-extension\"",
				);
				FRAMEWORK_SEARCH_PATHS = (
					"$(inherited)",
					"\"CoinSpace/Plugins/cordova-facebook-audnet-sdk\"",
				);
				TARGETED_DEVICE_FAMILY = "1,2";
			};
			name = Release;
		};
		C01FCF4F08A954540054247B /* Debug */ = {
			isa = XCBuildConfiguration;
			baseConfigurationReference = 3047A5111AB8059700498E2A /* build.xcconfig */;
			buildSettings = {
				CLANG_ENABLE_OBJC_ARC = YES;
				CLANG_WARN_BOOL_CONVERSION = YES;
				CLANG_WARN_CONSTANT_CONVERSION = YES;
				CLANG_WARN_EMPTY_BODY = YES;
				CLANG_WARN_ENUM_CONVERSION = YES;
				CLANG_WARN_INT_CONVERSION = YES;
				CLANG_WARN__DUPLICATE_METHOD_MATCH = YES;
				"CODE_SIGN_IDENTITY[sdk=iphoneos*]" = "iPhone Developer";
				GCC_C_LANGUAGE_STANDARD = c99;
				GCC_THUMB_SUPPORT = NO;
				GCC_VERSION = "";
				GCC_WARN_ABOUT_RETURN_TYPE = YES;
				GCC_WARN_UNDECLARED_SELECTOR = YES;
				GCC_WARN_UNINITIALIZED_AUTOS = YES;
				GCC_WARN_UNUSED_FUNCTION = YES;
				GCC_WARN_UNUSED_VARIABLE = YES;
				HEADER_SEARCH_PATHS = (
					"\"$(TARGET_BUILD_DIR)/usr/local/lib/include\"",
					"\"$(OBJROOT)/UninstalledProducts/include\"",
					"\"$(BUILT_PRODUCTS_DIR)\"",
				);
				IPHONEOS_DEPLOYMENT_TARGET = 6.0;
				ONLY_ACTIVE_ARCH = YES;
				OTHER_LDFLAGS = (
					"-weak_framework",
					CoreFoundation,
					"-weak_framework",
					UIKit,
					"-weak_framework",
					AVFoundation,
					"-weak_framework",
					CoreMedia,
					"-weak-lSystem",
					"-ObjC",
				);
				SDKROOT = iphoneos;
				SKIP_INSTALL = NO;
				USER_HEADER_SEARCH_PATHS = "";
			};
			name = Debug;
		};
		C01FCF5008A954540054247B /* Release */ = {
			isa = XCBuildConfiguration;
			baseConfigurationReference = 3047A5111AB8059700498E2A /* build.xcconfig */;
			buildSettings = {
				CLANG_ENABLE_OBJC_ARC = YES;
				CLANG_WARN_BOOL_CONVERSION = YES;
				CLANG_WARN_CONSTANT_CONVERSION = YES;
				CLANG_WARN_EMPTY_BODY = YES;
				CLANG_WARN_ENUM_CONVERSION = YES;
				CLANG_WARN_INT_CONVERSION = YES;
				CLANG_WARN__DUPLICATE_METHOD_MATCH = YES;
				"CODE_SIGN_IDENTITY[sdk=iphoneos*]" = "iPhone Developer";
				GCC_C_LANGUAGE_STANDARD = c99;
				GCC_THUMB_SUPPORT = NO;
				GCC_VERSION = "";
				GCC_WARN_ABOUT_RETURN_TYPE = YES;
				GCC_WARN_UNDECLARED_SELECTOR = YES;
				GCC_WARN_UNINITIALIZED_AUTOS = YES;
				GCC_WARN_UNUSED_FUNCTION = YES;
				GCC_WARN_UNUSED_VARIABLE = YES;
				HEADER_SEARCH_PATHS = (
					"\"$(TARGET_BUILD_DIR)/usr/local/lib/include\"",
					"\"$(OBJROOT)/UninstalledProducts/include\"",
					"\"$(BUILT_PRODUCTS_DIR)\"",
					"\"$(OBJROOT)/UninstalledProducts/$(PLATFORM_NAME)/include\"",
				);
				IPHONEOS_DEPLOYMENT_TARGET = 6.0;
				OTHER_LDFLAGS = (
					"-weak_framework",
					CoreFoundation,
					"-weak_framework",
					UIKit,
					"-weak_framework",
					AVFoundation,
					"-weak_framework",
					CoreMedia,
					"-weak-lSystem",
					"-ObjC",
				);
				SDKROOT = iphoneos;
				SKIP_INSTALL = NO;
				USER_HEADER_SEARCH_PATHS = "";
			};
			name = Release;
		};
		CECB9F1C1C5A965500E4460E /* Debug */ = {
			isa = XCBuildConfiguration;
			buildSettings = {
				ALWAYS_SEARCH_USER_PATHS = NO;
				ASSETCATALOG_COMPILER_APPICON_NAME = "AppIcon-watch";
				CLANG_CXX_LANGUAGE_STANDARD = "gnu++0x";
				CLANG_CXX_LIBRARY = "libc++";
				CLANG_ENABLE_MODULES = YES;
				CLANG_WARN_DIRECT_OBJC_ISA_USAGE = YES_ERROR;
				CLANG_WARN_OBJC_ROOT_CLASS = YES_ERROR;
				CLANG_WARN_UNREACHABLE_CODE = YES;
				CODE_SIGN_ENTITLEMENTS = "CoinSpace WatchApp/CoinSpace WatchApp.entitlements";
				CODE_SIGN_IDENTITY = "iPhone Developer";
				"CODE_SIGN_IDENTITY[sdk=watchos*]" = "iPhone Developer";
				COPY_PHASE_STRIP = NO;
				DEBUG_INFORMATION_FORMAT = dwarf;
				ENABLE_STRICT_OBJC_MSGSEND = YES;
				ENABLE_TESTABILITY = YES;
				GCC_C_LANGUAGE_STANDARD = gnu99;
				GCC_DYNAMIC_NO_PIC = NO;
				GCC_NO_COMMON_BLOCKS = YES;
				GCC_OPTIMIZATION_LEVEL = 0;
				GCC_PREPROCESSOR_DEFINITIONS = (
					"DEBUG=1",
					"$(inherited)",
				);
				GCC_WARN_64_TO_32_BIT_CONVERSION = YES;
				GCC_WARN_ABOUT_RETURN_TYPE = YES_ERROR;
				GCC_WARN_UNINITIALIZED_AUTOS = YES_AGGRESSIVE;
				IBSC_MODULE = CoinSpace_WatchApp_Extension;
				INFOPLIST_FILE = "CoinSpace WatchApp/Info.plist";
				MTL_ENABLE_DEBUG_INFO = YES;
				OTHER_LDFLAGS = (
					"-weak_framework",
					CoreFoundation,
					"-weak_framework",
					UIKit,
					"-weak-lSystem",
					"-ObjC",
				);
				PRODUCT_BUNDLE_IDENTIFIER = com.coinspace.wallet.watchapp;
				PRODUCT_NAME = "$(TARGET_NAME)";
				PROVISIONING_PROFILE = "";
				SDKROOT = watchos;
				SKIP_INSTALL = YES;
				TARGETED_DEVICE_FAMILY = 4;
				WATCHOS_DEPLOYMENT_TARGET = 2.1;
			};
			name = Debug;
		};
		CECB9F1D1C5A965500E4460E /* Release */ = {
			isa = XCBuildConfiguration;
			buildSettings = {
				ALWAYS_SEARCH_USER_PATHS = NO;
				ASSETCATALOG_COMPILER_APPICON_NAME = "AppIcon-watch";
				CLANG_CXX_LANGUAGE_STANDARD = "gnu++0x";
				CLANG_CXX_LIBRARY = "libc++";
				CLANG_ENABLE_MODULES = YES;
				CLANG_WARN_DIRECT_OBJC_ISA_USAGE = YES_ERROR;
				CLANG_WARN_OBJC_ROOT_CLASS = YES_ERROR;
				CLANG_WARN_UNREACHABLE_CODE = YES;
				CODE_SIGN_ENTITLEMENTS = "CoinSpace WatchApp/CoinSpace WatchApp.entitlements";
				CODE_SIGN_IDENTITY = "iPhone Distribution";
				"CODE_SIGN_IDENTITY[sdk=watchos*]" = "iPhone Distribution";
				COPY_PHASE_STRIP = NO;
				DEBUG_INFORMATION_FORMAT = "dwarf-with-dsym";
				ENABLE_NS_ASSERTIONS = NO;
				ENABLE_STRICT_OBJC_MSGSEND = YES;
				GCC_C_LANGUAGE_STANDARD = gnu99;
				GCC_NO_COMMON_BLOCKS = YES;
				GCC_WARN_64_TO_32_BIT_CONVERSION = YES;
				GCC_WARN_ABOUT_RETURN_TYPE = YES_ERROR;
				GCC_WARN_UNINITIALIZED_AUTOS = YES_AGGRESSIVE;
				IBSC_MODULE = CoinSpace_WatchApp_Extension;
				INFOPLIST_FILE = "CoinSpace WatchApp/Info.plist";
				MTL_ENABLE_DEBUG_INFO = NO;
				OTHER_LDFLAGS = (
					"-weak_framework",
					CoreFoundation,
					"-weak_framework",
					UIKit,
					"-weak-lSystem",
					"-ObjC",
				);
				PRODUCT_BUNDLE_IDENTIFIER = com.coinspace.wallet.watchapp;
				PRODUCT_NAME = "$(TARGET_NAME)";
				PROVISIONING_PROFILE = "";
				SDKROOT = watchos;
				SKIP_INSTALL = YES;
				TARGETED_DEVICE_FAMILY = 4;
				VALIDATE_PRODUCT = YES;
				WATCHOS_DEPLOYMENT_TARGET = 2.1;
			};
			name = Release;
		};
		CECB9F1E1C5A965500E4460E /* Debug */ = {
			isa = XCBuildConfiguration;
			buildSettings = {
				ALWAYS_SEARCH_USER_PATHS = NO;
				ASSETCATALOG_COMPILER_COMPLICATION_NAME = Complication;
				CLANG_CXX_LANGUAGE_STANDARD = "gnu++0x";
				CLANG_CXX_LIBRARY = "libc++";
				CLANG_ENABLE_MODULES = YES;
				CLANG_WARN_DIRECT_OBJC_ISA_USAGE = YES_ERROR;
				CLANG_WARN_OBJC_ROOT_CLASS = YES_ERROR;
				CLANG_WARN_UNREACHABLE_CODE = YES;
				CODE_SIGN_ENTITLEMENTS = "CoinSpace WatchApp Extension/CoinSpace WatchApp Extension.entitlements";
				CODE_SIGN_IDENTITY = "iPhone Developer";
				"CODE_SIGN_IDENTITY[sdk=watchos*]" = "iPhone Developer";
				COPY_PHASE_STRIP = NO;
				DEBUG_INFORMATION_FORMAT = dwarf;
				ENABLE_STRICT_OBJC_MSGSEND = YES;
				ENABLE_TESTABILITY = YES;
				GCC_C_LANGUAGE_STANDARD = gnu99;
				GCC_DYNAMIC_NO_PIC = NO;
				GCC_NO_COMMON_BLOCKS = YES;
				GCC_OPTIMIZATION_LEVEL = 0;
				GCC_PREPROCESSOR_DEFINITIONS = (
					"DEBUG=1",
					"$(inherited)",
				);
				GCC_WARN_64_TO_32_BIT_CONVERSION = YES;
				GCC_WARN_ABOUT_RETURN_TYPE = YES_ERROR;
				GCC_WARN_UNINITIALIZED_AUTOS = YES_AGGRESSIVE;
				INFOPLIST_FILE = "CoinSpace WatchApp Extension/Info.plist";
				LD_RUNPATH_SEARCH_PATHS = "$(inherited) @executable_path/Frameworks @executable_path/../../Frameworks";
				MTL_ENABLE_DEBUG_INFO = YES;
				OTHER_LDFLAGS = (
					"-weak_framework",
					CoreFoundation,
					"-weak_framework",
					UIKit,
					"-weak-lSystem",
					"-ObjC",
				);
				PRODUCT_BUNDLE_IDENTIFIER = com.coinspace.wallet.watchapp.extension;
				PRODUCT_NAME = "${TARGET_NAME}";
				PROVISIONING_PROFILE = "";
				SDKROOT = watchos;
				SKIP_INSTALL = YES;
				TARGETED_DEVICE_FAMILY = 4;
				WATCHOS_DEPLOYMENT_TARGET = 2.1;
			};
			name = Debug;
		};
		CECB9F1F1C5A965500E4460E /* Release */ = {
			isa = XCBuildConfiguration;
			buildSettings = {
				ALWAYS_SEARCH_USER_PATHS = NO;
				ASSETCATALOG_COMPILER_COMPLICATION_NAME = Complication;
				CLANG_CXX_LANGUAGE_STANDARD = "gnu++0x";
				CLANG_CXX_LIBRARY = "libc++";
				CLANG_ENABLE_MODULES = YES;
				CLANG_WARN_DIRECT_OBJC_ISA_USAGE = YES_ERROR;
				CLANG_WARN_OBJC_ROOT_CLASS = YES_ERROR;
				CLANG_WARN_UNREACHABLE_CODE = YES;
				CODE_SIGN_ENTITLEMENTS = "CoinSpace WatchApp Extension/CoinSpace WatchApp Extension.entitlements";
				CODE_SIGN_IDENTITY = "iPhone Distribution";
				"CODE_SIGN_IDENTITY[sdk=watchos*]" = "iPhone Distribution";
				COPY_PHASE_STRIP = NO;
				DEBUG_INFORMATION_FORMAT = "dwarf-with-dsym";
				ENABLE_NS_ASSERTIONS = NO;
				ENABLE_STRICT_OBJC_MSGSEND = YES;
				GCC_C_LANGUAGE_STANDARD = gnu99;
				GCC_NO_COMMON_BLOCKS = YES;
				GCC_WARN_64_TO_32_BIT_CONVERSION = YES;
				GCC_WARN_ABOUT_RETURN_TYPE = YES_ERROR;
				GCC_WARN_UNINITIALIZED_AUTOS = YES_AGGRESSIVE;
				INFOPLIST_FILE = "CoinSpace WatchApp Extension/Info.plist";
				LD_RUNPATH_SEARCH_PATHS = "$(inherited) @executable_path/Frameworks @executable_path/../../Frameworks";
				MTL_ENABLE_DEBUG_INFO = NO;
				OTHER_LDFLAGS = (
					"-weak_framework",
					CoreFoundation,
					"-weak_framework",
					UIKit,
					"-weak-lSystem",
					"-ObjC",
				);
				PRODUCT_BUNDLE_IDENTIFIER = com.coinspace.wallet.watchapp.extension;
				PRODUCT_NAME = "${TARGET_NAME}";
				PROVISIONING_PROFILE = "";
				SDKROOT = watchos;
				SKIP_INSTALL = YES;
				TARGETED_DEVICE_FAMILY = 4;
				VALIDATE_PRODUCT = YES;
				WATCHOS_DEPLOYMENT_TARGET = 2.1;
			};
			name = Release;
		};
/* End XCBuildConfiguration section */

/* Begin XCConfigurationList section */
		1D6058960D05DD3E006BFB54 /* Build configuration list for PBXNativeTarget "CoinSpace" */ = {
			isa = XCConfigurationList;
			buildConfigurations = (
				1D6058940D05DD3E006BFB54 /* Debug */,
				1D6058950D05DD3E006BFB54 /* Release */,
			);
			defaultConfigurationIsVisible = 0;
			defaultConfigurationName = Release;
		};
		C01FCF4E08A954540054247B /* Build configuration list for PBXProject "CoinSpace" */ = {
			isa = XCConfigurationList;
			buildConfigurations = (
				C01FCF4F08A954540054247B /* Debug */,
				C01FCF5008A954540054247B /* Release */,
			);
			defaultConfigurationIsVisible = 0;
			defaultConfigurationName = Release;
		};
		CECB9F201C5A965500E4460E /* Build configuration list for PBXNativeTarget "CoinSpace WatchApp Extension" */ = {
			isa = XCConfigurationList;
			buildConfigurations = (
				CECB9F1E1C5A965500E4460E /* Debug */,
				CECB9F1F1C5A965500E4460E /* Release */,
			);
			defaultConfigurationIsVisible = 0;
			defaultConfigurationName = Release;
		};
		CECB9F221C5A965500E4460E /* Build configuration list for PBXNativeTarget "CoinSpace WatchApp" */ = {
			isa = XCConfigurationList;
			buildConfigurations = (
				CECB9F1C1C5A965500E4460E /* Debug */,
				CECB9F1D1C5A965500E4460E /* Release */,
			);
			defaultConfigurationIsVisible = 0;
			defaultConfigurationName = Release;
		};
/* End XCConfigurationList section */
	};
	rootObject = 29B97313FDCFA39411CA2CEA /* Project object */;
}
